// !$*UTF8*$!
{
	archiveVersion = 1;
	classes = {
	};
	objectVersion = 56;
	objects = {

/* Begin PBXBuildFile section */
		005D5425A883E7377F12B68C /* Pods_CodeStackTests.framework in Frameworks */ = {isa = PBXBuildFile; fileRef = F8B4F4731C06EACB2B67E969 /* Pods_CodeStackTests.framework */; };
		24AFE7D66347091F273C23C7 /* Pods_CodeStack.framework in Frameworks */ = {isa = PBXBuildFile; fileRef = B544284C22797BF70DFA696E /* Pods_CodeStack.framework */; };
		965310B129EA7A4F006C3E18 /* AppDelegate.swift in Sources */ = {isa = PBXBuildFile; fileRef = 965310B029EA7A4F006C3E18 /* AppDelegate.swift */; };
		965310B329EA7A4F006C3E18 /* SceneDelegate.swift in Sources */ = {isa = PBXBuildFile; fileRef = 965310B229EA7A4F006C3E18 /* SceneDelegate.swift */; };
		965310B529EA7A4F006C3E18 /* ViewController.swift in Sources */ = {isa = PBXBuildFile; fileRef = 965310B429EA7A4F006C3E18 /* ViewController.swift */; };
		965310BD29EA7A51006C3E18 /* LaunchScreen.storyboard in Resources */ = {isa = PBXBuildFile; fileRef = 965310BB29EA7A51006C3E18 /* LaunchScreen.storyboard */; };
		965310C829EA7A51006C3E18 /* CodeStackTests.swift in Sources */ = {isa = PBXBuildFile; fileRef = 965310C729EA7A51006C3E18 /* CodeStackTests.swift */; };
		965310D229EA7A51006C3E18 /* CodeStackUITests.swift in Sources */ = {isa = PBXBuildFile; fileRef = 965310D129EA7A51006C3E18 /* CodeStackUITests.swift */; };
		965310D429EA7A51006C3E18 /* CodeStackUITestsLaunchTests.swift in Sources */ = {isa = PBXBuildFile; fileRef = 965310D329EA7A51006C3E18 /* CodeStackUITestsLaunchTests.swift */; };
		965310E229EA8099006C3E18 /* SnapKit in Frameworks */ = {isa = PBXBuildFile; productRef = 965310E129EA8099006C3E18 /* SnapKit */; };
		965310E529EA855D006C3E18 /* Label-extension.swift in Sources */ = {isa = PBXBuildFile; fileRef = 965310E429EA855D006C3E18 /* Label-extension.swift */; };
		965310E729EA8E96006C3E18 /* MainView.swift in Sources */ = {isa = PBXBuildFile; fileRef = 965310E629EA8E96006C3E18 /* MainView.swift */; };
		965310E929EA8EF2006C3E18 /* MainSubView-(label 2, button 1).swift in Sources */ = {isa = PBXBuildFile; fileRef = 965310E829EA8EF2006C3E18 /* MainSubView-(label 2, button 1).swift */; };
		965310F729EADE6E006C3E18 /* SideMenuDelegate.swift in Sources */ = {isa = PBXBuildFile; fileRef = 965310F629EADE6E006C3E18 /* SideMenuDelegate.swift */; };
		965310F929EADE84006C3E18 /* ContentViewControllerPresentation.swift in Sources */ = {isa = PBXBuildFile; fileRef = 965310F829EADE84006C3E18 /* ContentViewControllerPresentation.swift */; };
		965310FB29EADF4B006C3E18 /* ContainerViewController.swift in Sources */ = {isa = PBXBuildFile; fileRef = 965310FA29EADF4A006C3E18 /* ContainerViewController.swift */; };
		965310FD29EADF67006C3E18 /* SideMenuViewController.swift in Sources */ = {isa = PBXBuildFile; fileRef = 965310FC29EADF67006C3E18 /* SideMenuViewController.swift */; };
		9653110129EAE008006C3E18 /* SideItemCell.swift in Sources */ = {isa = PBXBuildFile; fileRef = 9653110029EAE008006C3E18 /* SideItemCell.swift */; };
		9653110429EAE092006C3E18 /* UIApplication-extension.swift in Sources */ = {isa = PBXBuildFile; fileRef = 9653110329EAE092006C3E18 /* UIApplication-extension.swift */; };
		9653110529EAE35E006C3E18 /* Assets.xcassets in Resources */ = {isa = PBXBuildFile; fileRef = 965310B929EA7A51006C3E18 /* Assets.xcassets */; };
		9653110A29EAF0EA006C3E18 /* HighlightButton.swift in Sources */ = {isa = PBXBuildFile; fileRef = 9653110929EAF0EA006C3E18 /* HighlightButton.swift */; };
		9653110D29EAF1DF006C3E18 /* CodeProblemViewController.swift in Sources */ = {isa = PBXBuildFile; fileRef = 9653110C29EAF1DF006C3E18 /* CodeProblemViewController.swift */; };
		9653110F29EAF2F9006C3E18 /* UIViewController-ext.swift in Sources */ = {isa = PBXBuildFile; fileRef = 9653110E29EAF2F9006C3E18 /* UIViewController-ext.swift */; };
		9653111229EBCD9A006C3E18 /* SourceModel.swift in Sources */ = {isa = PBXBuildFile; fileRef = 9653111129EBCD9A006C3E18 /* SourceModel.swift */; };
		9653111429EBD176006C3E18 /* ProblemCell.swift in Sources */ = {isa = PBXBuildFile; fileRef = 9653111329EBD176006C3E18 /* ProblemCell.swift */; };
		9653111629EBD729006C3E18 /* CellIdentifierProtocol.swift in Sources */ = {isa = PBXBuildFile; fileRef = 9653111529EBD729006C3E18 /* CellIdentifierProtocol.swift */; };
		9653111929EBD7D0006C3E18 /* ProblemItemModel.swift in Sources */ = {isa = PBXBuildFile; fileRef = 9653111829EBD7CF006C3E18 /* ProblemItemModel.swift */; };
		9653111D29EBF163006C3E18 /* GraphCell.swift in Sources */ = {isa = PBXBuildFile; fileRef = 9653111C29EBF163006C3E18 /* GraphCell.swift */; };
		9653112029ED1730006C3E18 /* CALayer.swift in Sources */ = {isa = PBXBuildFile; fileRef = 9653111F29ED1730006C3E18 /* CALayer.swift */; };
		9653112429ED1AC0006C3E18 /* LanguageTagContainer.swift in Sources */ = {isa = PBXBuildFile; fileRef = 9653112329ED1AC0006C3E18 /* LanguageTagContainer.swift */; };
		9653112729ED1B5F006C3E18 /* LangugeView.swift in Sources */ = {isa = PBXBuildFile; fileRef = 9653112629ED1B5F006C3E18 /* LangugeView.swift */; };
		9653112929ED3481006C3E18 /* DummyData.swift in Sources */ = {isa = PBXBuildFile; fileRef = 9653112829ED3481006C3E18 /* DummyData.swift */; };
		9653112C29EE6D9E006C3E18 /* CodeEditorViewController.swift in Sources */ = {isa = PBXBuildFile; fileRef = 9653112B29EE6D9E006C3E18 /* CodeEditorViewController.swift */; };
		9653112E29EE6E43006C3E18 /* CodeTextView.swift in Sources */ = {isa = PBXBuildFile; fileRef = 9653112D29EE6E43006C3E18 /* CodeTextView.swift */; };
		9653113329EE95F4006C3E18 /* swift in Resources */ = {isa = PBXBuildFile; fileRef = 9653113129EE95F4006C3E18 /* swift */; };
		9653113429EE95F4006C3E18 /* typescript in Resources */ = {isa = PBXBuildFile; fileRef = 9653113229EE95F4006C3E18 /* typescript */; };
		9653113629EE9608006C3E18 /* python in Resources */ = {isa = PBXBuildFile; fileRef = 9653113529EE9608006C3E18 /* python */; };
		9653113929EE9611006C3E18 /* java in Resources */ = {isa = PBXBuildFile; fileRef = 9653113729EE9611006C3E18 /* java */; };
		9653113A29EE9611006C3E18 /* javascript in Resources */ = {isa = PBXBuildFile; fileRef = 9653113829EE9611006C3E18 /* javascript */; };
		9653113C29EE9617006C3E18 /* go in Resources */ = {isa = PBXBuildFile; fileRef = 9653113B29EE9617006C3E18 /* go */; };
		9653114029EE9637006C3E18 /* kotlin in Resources */ = {isa = PBXBuildFile; fileRef = 9653113F29EE9637006C3E18 /* kotlin */; };
		9653114829EEA162006C3E18 /* KeyBoardManager.swift in Sources */ = {isa = PBXBuildFile; fileRef = 9653114729EEA162006C3E18 /* KeyBoardManager.swift */; };
		9653114A29EEED69006C3E18 /* TestViewController.swift in Sources */ = {isa = PBXBuildFile; fileRef = 9653114929EEED69006C3E18 /* TestViewController.swift */; };
		9653114C29EEF1F9006C3E18 /* CustomLayoutManager.swift in Sources */ = {isa = PBXBuildFile; fileRef = 9653114B29EEF1F9006C3E18 /* CustomLayoutManager.swift */; };
		96BA53B229EFE0DA00B5BDD3 /* NumberLinesView.swift in Sources */ = {isa = PBXBuildFile; fileRef = 96BA53B129EFE0DA00B5BDD3 /* NumberLinesView.swift */; };
		96BA53FF29F53DAB00B5BDD3 /* ProblemDescriptionView.swift in Sources */ = {isa = PBXBuildFile; fileRef = 96BA53FE29F53DAB00B5BDD3 /* ProblemDescriptionView.swift */; };
		96BA540229F6A0AE00B5BDD3 /* UITextField.swift in Sources */ = {isa = PBXBuildFile; fileRef = 96BA540129F6A0AE00B5BDD3 /* UITextField.swift */; };
		96BA540429F6C64700B5BDD3 /* CustomScrollView.swift in Sources */ = {isa = PBXBuildFile; fileRef = 96BA540329F6C64700B5BDD3 /* CustomScrollView.swift */; };
		96BA540729F6C71400B5BDD3 /* LoginViewController.swift in Sources */ = {isa = PBXBuildFile; fileRef = 96BA540629F6C71400B5BDD3 /* LoginViewController.swift */; };
		96BA540929F6C71A00B5BDD3 /* CustomTextField.swift in Sources */ = {isa = PBXBuildFile; fileRef = 96BA540829F6C71A00B5BDD3 /* CustomTextField.swift */; };
		96BA540B29F6C72100B5BDD3 /* LoginView.swift in Sources */ = {isa = PBXBuildFile; fileRef = 96BA540A29F6C72100B5BDD3 /* LoginView.swift */; };
		96BA540D29F6CA1800B5BDD3 /* LoginButton.swift in Sources */ = {isa = PBXBuildFile; fileRef = 96BA540C29F6CA1800B5BDD3 /* LoginButton.swift */; };
		96C9F5A229FE73D6008D48B9 /* appstore.png in Resources */ = {isa = PBXBuildFile; fileRef = 96C9F5A129FE73D6008D48B9 /* appstore.png */; };
		96C9F5A429FE751E008D48B9 /* GitHubLoginButton.swift in Sources */ = {isa = PBXBuildFile; fileRef = 96C9F5A329FE751E008D48B9 /* GitHubLoginButton.swift */; };
		96C9F5A729FE7A7A008D48B9 /* ServiceManager.swift in Sources */ = {isa = PBXBuildFile; fileRef = 96C9F5A629FE7A7A008D48B9 /* ServiceManager.swift */; };
		96C9F5A929FE7C15008D48B9 /* HTTPHeaderFiled.swift in Sources */ = {isa = PBXBuildFile; fileRef = 96C9F5A829FE7C15008D48B9 /* HTTPHeaderFiled.swift */; };
		96C9F5AB29FE7C30008D48B9 /* CuStomError.swift in Sources */ = {isa = PBXBuildFile; fileRef = 96C9F5AA29FE7C30008D48B9 /* CuStomError.swift */; };
		96C9F5AE29FE7ED1008D48B9 /* URLRequest-ext.swift in Sources */ = {isa = PBXBuildFile; fileRef = 96C9F5AD29FE7ED1008D48B9 /* URLRequest-ext.swift */; };
		96C9F5B029FE8238008D48B9 /* GitOAuthrizationRequest.swift in Sources */ = {isa = PBXBuildFile; fileRef = 96C9F5AF29FE8238008D48B9 /* GitOAuthrizationRequest.swift */; };
		96C9F5B329FE871C008D48B9 /* LoginViewModel.swift in Sources */ = {isa = PBXBuildFile; fileRef = 96C9F5B229FE871C008D48B9 /* LoginViewModel.swift */; };
		96C9F5B529FE90EC008D48B9 /* GitToken.swift in Sources */ = {isa = PBXBuildFile; fileRef = 96C9F5B429FE90EC008D48B9 /* GitToken.swift */; };
		96C9F5B729FE9CBF008D48B9 /* AppleOAuthrizationRequest.swift in Sources */ = {isa = PBXBuildFile; fileRef = 96C9F5B629FE9CBF008D48B9 /* AppleOAuthrizationRequest.swift */; };
		96C9F5B929FE9DEB008D48B9 /* String-ext.swift in Sources */ = {isa = PBXBuildFile; fileRef = 96C9F5B829FE9DEB008D48B9 /* String-ext.swift */; };
		96C9F5BD2A02765A008D48B9 /* CodeProblemViewModel.swift in Sources */ = {isa = PBXBuildFile; fileRef = 96C9F5BC2A02765A008D48B9 /* CodeProblemViewModel.swift */; };
		96C9F5BF2A03C456008D48B9 /* FoldView.swift in Sources */ = {isa = PBXBuildFile; fileRef = 96C9F5BE2A03C456008D48B9 /* FoldView.swift */; };
		A39C318B10A5E3B9EE3DA7D8 /* Pods_CodeStack_CodeStackUITests.framework in Frameworks */ = {isa = PBXBuildFile; fileRef = 712D677D9775AF006F6F2AB8 /* Pods_CodeStack_CodeStackUITests.framework */; };
/* End PBXBuildFile section */

/* Begin PBXContainerItemProxy section */
		965310C429EA7A51006C3E18 /* PBXContainerItemProxy */ = {
			isa = PBXContainerItemProxy;
			containerPortal = 965310A529EA7A4F006C3E18 /* Project object */;
			proxyType = 1;
			remoteGlobalIDString = 965310AC29EA7A4F006C3E18;
			remoteInfo = CodeStack;
		};
		965310CE29EA7A51006C3E18 /* PBXContainerItemProxy */ = {
			isa = PBXContainerItemProxy;
			containerPortal = 965310A529EA7A4F006C3E18 /* Project object */;
			proxyType = 1;
			remoteGlobalIDString = 965310AC29EA7A4F006C3E18;
			remoteInfo = CodeStack;
		};
/* End PBXContainerItemProxy section */

/* Begin PBXFileReference section */
		1E0D0A369F56190969D067C2 /* Pods-CodeStack-CodeStackUITests.release.xcconfig */ = {isa = PBXFileReference; includeInIndex = 1; lastKnownFileType = text.xcconfig; name = "Pods-CodeStack-CodeStackUITests.release.xcconfig"; path = "Target Support Files/Pods-CodeStack-CodeStackUITests/Pods-CodeStack-CodeStackUITests.release.xcconfig"; sourceTree = "<group>"; };
		3E8179CD6A4DBC82F1CCAFCB /* Pods-CodeStackTests.debug.xcconfig */ = {isa = PBXFileReference; includeInIndex = 1; lastKnownFileType = text.xcconfig; name = "Pods-CodeStackTests.debug.xcconfig"; path = "Target Support Files/Pods-CodeStackTests/Pods-CodeStackTests.debug.xcconfig"; sourceTree = "<group>"; };
		4BC60300DCCB71515B444EC1 /* Pods-CodeStack.release.xcconfig */ = {isa = PBXFileReference; includeInIndex = 1; lastKnownFileType = text.xcconfig; name = "Pods-CodeStack.release.xcconfig"; path = "Target Support Files/Pods-CodeStack/Pods-CodeStack.release.xcconfig"; sourceTree = "<group>"; };
		712D677D9775AF006F6F2AB8 /* Pods_CodeStack_CodeStackUITests.framework */ = {isa = PBXFileReference; explicitFileType = wrapper.framework; includeInIndex = 0; path = Pods_CodeStack_CodeStackUITests.framework; sourceTree = BUILT_PRODUCTS_DIR; };
		965310AD29EA7A4F006C3E18 /* CodeStack.app */ = {isa = PBXFileReference; explicitFileType = wrapper.application; includeInIndex = 0; path = CodeStack.app; sourceTree = BUILT_PRODUCTS_DIR; };
		965310B029EA7A4F006C3E18 /* AppDelegate.swift */ = {isa = PBXFileReference; lastKnownFileType = sourcecode.swift; path = AppDelegate.swift; sourceTree = "<group>"; };
		965310B229EA7A4F006C3E18 /* SceneDelegate.swift */ = {isa = PBXFileReference; lastKnownFileType = sourcecode.swift; path = SceneDelegate.swift; sourceTree = "<group>"; };
		965310B429EA7A4F006C3E18 /* ViewController.swift */ = {isa = PBXFileReference; lastKnownFileType = sourcecode.swift; path = ViewController.swift; sourceTree = "<group>"; };
		965310B929EA7A51006C3E18 /* Assets.xcassets */ = {isa = PBXFileReference; lastKnownFileType = folder.assetcatalog; path = Assets.xcassets; sourceTree = "<group>"; };
		965310BC29EA7A51006C3E18 /* Base */ = {isa = PBXFileReference; lastKnownFileType = file.storyboard; name = Base; path = Base.lproj/LaunchScreen.storyboard; sourceTree = "<group>"; };
		965310BE29EA7A51006C3E18 /* Info.plist */ = {isa = PBXFileReference; lastKnownFileType = text.plist.xml; path = Info.plist; sourceTree = "<group>"; };
		965310C329EA7A51006C3E18 /* CodeStackTests.xctest */ = {isa = PBXFileReference; explicitFileType = wrapper.cfbundle; includeInIndex = 0; path = CodeStackTests.xctest; sourceTree = BUILT_PRODUCTS_DIR; };
		965310C729EA7A51006C3E18 /* CodeStackTests.swift */ = {isa = PBXFileReference; lastKnownFileType = sourcecode.swift; path = CodeStackTests.swift; sourceTree = "<group>"; };
		965310CD29EA7A51006C3E18 /* CodeStackUITests.xctest */ = {isa = PBXFileReference; explicitFileType = wrapper.cfbundle; includeInIndex = 0; path = CodeStackUITests.xctest; sourceTree = BUILT_PRODUCTS_DIR; };
		965310D129EA7A51006C3E18 /* CodeStackUITests.swift */ = {isa = PBXFileReference; lastKnownFileType = sourcecode.swift; path = CodeStackUITests.swift; sourceTree = "<group>"; };
		965310D329EA7A51006C3E18 /* CodeStackUITestsLaunchTests.swift */ = {isa = PBXFileReference; lastKnownFileType = sourcecode.swift; path = CodeStackUITestsLaunchTests.swift; sourceTree = "<group>"; };
		965310E429EA855D006C3E18 /* Label-extension.swift */ = {isa = PBXFileReference; lastKnownFileType = sourcecode.swift; path = "Label-extension.swift"; sourceTree = "<group>"; };
		965310E629EA8E96006C3E18 /* MainView.swift */ = {isa = PBXFileReference; lastKnownFileType = sourcecode.swift; path = MainView.swift; sourceTree = "<group>"; };
		965310E829EA8EF2006C3E18 /* MainSubView-(label 2, button 1).swift */ = {isa = PBXFileReference; lastKnownFileType = sourcecode.swift; path = "MainSubView-(label 2, button 1).swift"; sourceTree = "<group>"; };
		965310F629EADE6E006C3E18 /* SideMenuDelegate.swift */ = {isa = PBXFileReference; lastKnownFileType = sourcecode.swift; path = SideMenuDelegate.swift; sourceTree = "<group>"; };
		965310F829EADE84006C3E18 /* ContentViewControllerPresentation.swift */ = {isa = PBXFileReference; lastKnownFileType = sourcecode.swift; path = ContentViewControllerPresentation.swift; sourceTree = "<group>"; };
		965310FA29EADF4A006C3E18 /* ContainerViewController.swift */ = {isa = PBXFileReference; lastKnownFileType = sourcecode.swift; path = ContainerViewController.swift; sourceTree = "<group>"; };
		965310FC29EADF67006C3E18 /* SideMenuViewController.swift */ = {isa = PBXFileReference; lastKnownFileType = sourcecode.swift; path = SideMenuViewController.swift; sourceTree = "<group>"; };
		9653110029EAE008006C3E18 /* SideItemCell.swift */ = {isa = PBXFileReference; lastKnownFileType = sourcecode.swift; path = SideItemCell.swift; sourceTree = "<group>"; };
		9653110329EAE092006C3E18 /* UIApplication-extension.swift */ = {isa = PBXFileReference; lastKnownFileType = sourcecode.swift; path = "UIApplication-extension.swift"; sourceTree = "<group>"; };
		9653110929EAF0EA006C3E18 /* HighlightButton.swift */ = {isa = PBXFileReference; lastKnownFileType = sourcecode.swift; path = HighlightButton.swift; sourceTree = "<group>"; };
		9653110C29EAF1DF006C3E18 /* CodeProblemViewController.swift */ = {isa = PBXFileReference; lastKnownFileType = sourcecode.swift; path = CodeProblemViewController.swift; sourceTree = "<group>"; };
		9653110E29EAF2F9006C3E18 /* UIViewController-ext.swift */ = {isa = PBXFileReference; lastKnownFileType = sourcecode.swift; path = "UIViewController-ext.swift"; sourceTree = "<group>"; };
		9653111129EBCD9A006C3E18 /* SourceModel.swift */ = {isa = PBXFileReference; lastKnownFileType = sourcecode.swift; path = SourceModel.swift; sourceTree = "<group>"; };
		9653111329EBD176006C3E18 /* ProblemCell.swift */ = {isa = PBXFileReference; lastKnownFileType = sourcecode.swift; path = ProblemCell.swift; sourceTree = "<group>"; };
		9653111529EBD729006C3E18 /* CellIdentifierProtocol.swift */ = {isa = PBXFileReference; lastKnownFileType = sourcecode.swift; path = CellIdentifierProtocol.swift; sourceTree = "<group>"; };
		9653111829EBD7CF006C3E18 /* ProblemItemModel.swift */ = {isa = PBXFileReference; lastKnownFileType = sourcecode.swift; path = ProblemItemModel.swift; sourceTree = "<group>"; };
		9653111C29EBF163006C3E18 /* GraphCell.swift */ = {isa = PBXFileReference; lastKnownFileType = sourcecode.swift; path = GraphCell.swift; sourceTree = "<group>"; };
		9653111F29ED1730006C3E18 /* CALayer.swift */ = {isa = PBXFileReference; lastKnownFileType = sourcecode.swift; path = CALayer.swift; sourceTree = "<group>"; };
		9653112329ED1AC0006C3E18 /* LanguageTagContainer.swift */ = {isa = PBXFileReference; lastKnownFileType = sourcecode.swift; path = LanguageTagContainer.swift; sourceTree = "<group>"; };
		9653112629ED1B5F006C3E18 /* LangugeView.swift */ = {isa = PBXFileReference; lastKnownFileType = sourcecode.swift; path = LangugeView.swift; sourceTree = "<group>"; };
		9653112829ED3481006C3E18 /* DummyData.swift */ = {isa = PBXFileReference; lastKnownFileType = sourcecode.swift; path = DummyData.swift; sourceTree = "<group>"; };
		9653112B29EE6D9E006C3E18 /* CodeEditorViewController.swift */ = {isa = PBXFileReference; lastKnownFileType = sourcecode.swift; path = CodeEditorViewController.swift; sourceTree = "<group>"; };
		9653112D29EE6E43006C3E18 /* CodeTextView.swift */ = {isa = PBXFileReference; lastKnownFileType = sourcecode.swift; path = CodeTextView.swift; sourceTree = "<group>"; };
		9653113129EE95F4006C3E18 /* swift */ = {isa = PBXFileReference; lastKnownFileType = folder; path = swift; sourceTree = "<group>"; };
		9653113229EE95F4006C3E18 /* typescript */ = {isa = PBXFileReference; lastKnownFileType = folder; path = typescript; sourceTree = "<group>"; };
		9653113529EE9608006C3E18 /* python */ = {isa = PBXFileReference; lastKnownFileType = folder; path = python; sourceTree = "<group>"; };
		9653113729EE9611006C3E18 /* java */ = {isa = PBXFileReference; lastKnownFileType = folder; path = java; sourceTree = "<group>"; };
		9653113829EE9611006C3E18 /* javascript */ = {isa = PBXFileReference; lastKnownFileType = folder; path = javascript; sourceTree = "<group>"; };
		9653113B29EE9617006C3E18 /* go */ = {isa = PBXFileReference; lastKnownFileType = folder; path = go; sourceTree = "<group>"; };
		9653113F29EE9637006C3E18 /* kotlin */ = {isa = PBXFileReference; lastKnownFileType = folder; path = kotlin; sourceTree = "<group>"; };
		9653114729EEA162006C3E18 /* KeyBoardManager.swift */ = {isa = PBXFileReference; lastKnownFileType = sourcecode.swift; path = KeyBoardManager.swift; sourceTree = "<group>"; };
		9653114929EEED69006C3E18 /* TestViewController.swift */ = {isa = PBXFileReference; lastKnownFileType = sourcecode.swift; path = TestViewController.swift; sourceTree = "<group>"; };
		9653114B29EEF1F9006C3E18 /* CustomLayoutManager.swift */ = {isa = PBXFileReference; lastKnownFileType = sourcecode.swift; path = CustomLayoutManager.swift; sourceTree = "<group>"; };
		96BA53B129EFE0DA00B5BDD3 /* NumberLinesView.swift */ = {isa = PBXFileReference; lastKnownFileType = sourcecode.swift; path = NumberLinesView.swift; sourceTree = "<group>"; };
		96BA53FE29F53DAB00B5BDD3 /* ProblemDescriptionView.swift */ = {isa = PBXFileReference; lastKnownFileType = sourcecode.swift; path = ProblemDescriptionView.swift; sourceTree = "<group>"; };
		96BA540129F6A0AE00B5BDD3 /* UITextField.swift */ = {isa = PBXFileReference; lastKnownFileType = sourcecode.swift; path = UITextField.swift; sourceTree = "<group>"; };
		96BA540329F6C64700B5BDD3 /* CustomScrollView.swift */ = {isa = PBXFileReference; lastKnownFileType = sourcecode.swift; path = CustomScrollView.swift; sourceTree = "<group>"; };
		96BA540629F6C71400B5BDD3 /* LoginViewController.swift */ = {isa = PBXFileReference; lastKnownFileType = sourcecode.swift; path = LoginViewController.swift; sourceTree = "<group>"; };
		96BA540829F6C71A00B5BDD3 /* CustomTextField.swift */ = {isa = PBXFileReference; lastKnownFileType = sourcecode.swift; path = CustomTextField.swift; sourceTree = "<group>"; };
		96BA540A29F6C72100B5BDD3 /* LoginView.swift */ = {isa = PBXFileReference; lastKnownFileType = sourcecode.swift; path = LoginView.swift; sourceTree = "<group>"; };
		96BA540C29F6CA1800B5BDD3 /* LoginButton.swift */ = {isa = PBXFileReference; lastKnownFileType = sourcecode.swift; path = LoginButton.swift; sourceTree = "<group>"; };
		96C9F59C29FE6FBF008D48B9 /* Config.xcconfig */ = {isa = PBXFileReference; lastKnownFileType = text.xcconfig; path = Config.xcconfig; sourceTree = "<group>"; };
		96C9F5A129FE73D6008D48B9 /* appstore.png */ = {isa = PBXFileReference; lastKnownFileType = image.png; path = appstore.png; sourceTree = "<group>"; };
		96C9F5A329FE751E008D48B9 /* GitHubLoginButton.swift */ = {isa = PBXFileReference; lastKnownFileType = sourcecode.swift; path = GitHubLoginButton.swift; sourceTree = "<group>"; };
		96C9F5A629FE7A7A008D48B9 /* ServiceManager.swift */ = {isa = PBXFileReference; lastKnownFileType = sourcecode.swift; path = ServiceManager.swift; sourceTree = "<group>"; };
		96C9F5A829FE7C15008D48B9 /* HTTPHeaderFiled.swift */ = {isa = PBXFileReference; lastKnownFileType = sourcecode.swift; path = HTTPHeaderFiled.swift; sourceTree = "<group>"; };
		96C9F5AA29FE7C30008D48B9 /* CuStomError.swift */ = {isa = PBXFileReference; lastKnownFileType = sourcecode.swift; path = CuStomError.swift; sourceTree = "<group>"; };
		96C9F5AD29FE7ED1008D48B9 /* URLRequest-ext.swift */ = {isa = PBXFileReference; lastKnownFileType = sourcecode.swift; path = "URLRequest-ext.swift"; sourceTree = "<group>"; };
		96C9F5AF29FE8238008D48B9 /* GitOAuthrizationRequest.swift */ = {isa = PBXFileReference; lastKnownFileType = sourcecode.swift; path = GitOAuthrizationRequest.swift; sourceTree = "<group>"; };
		96C9F5B229FE871C008D48B9 /* LoginViewModel.swift */ = {isa = PBXFileReference; lastKnownFileType = sourcecode.swift; path = LoginViewModel.swift; sourceTree = "<group>"; };
		96C9F5B429FE90EC008D48B9 /* GitToken.swift */ = {isa = PBXFileReference; lastKnownFileType = sourcecode.swift; path = GitToken.swift; sourceTree = "<group>"; };
		96C9F5B629FE9CBF008D48B9 /* AppleOAuthrizationRequest.swift */ = {isa = PBXFileReference; lastKnownFileType = sourcecode.swift; path = AppleOAuthrizationRequest.swift; sourceTree = "<group>"; };
		96C9F5B829FE9DEB008D48B9 /* String-ext.swift */ = {isa = PBXFileReference; lastKnownFileType = sourcecode.swift; path = "String-ext.swift"; sourceTree = "<group>"; };
		96C9F5BA29FEA185008D48B9 /* CodeStack.entitlements */ = {isa = PBXFileReference; lastKnownFileType = text.plist.entitlements; path = CodeStack.entitlements; sourceTree = "<group>"; };
		96C9F5BC2A02765A008D48B9 /* CodeProblemViewModel.swift */ = {isa = PBXFileReference; lastKnownFileType = sourcecode.swift; path = CodeProblemViewModel.swift; sourceTree = "<group>"; };
		96C9F5BE2A03C456008D48B9 /* FoldView.swift */ = {isa = PBXFileReference; lastKnownFileType = sourcecode.swift; path = FoldView.swift; sourceTree = "<group>"; };
		B544284C22797BF70DFA696E /* Pods_CodeStack.framework */ = {isa = PBXFileReference; explicitFileType = wrapper.framework; includeInIndex = 0; path = Pods_CodeStack.framework; sourceTree = BUILT_PRODUCTS_DIR; };
		BABDF8E58EE2EA1941E627FA /* Pods-CodeStack-CodeStackUITests.debug.xcconfig */ = {isa = PBXFileReference; includeInIndex = 1; lastKnownFileType = text.xcconfig; name = "Pods-CodeStack-CodeStackUITests.debug.xcconfig"; path = "Target Support Files/Pods-CodeStack-CodeStackUITests/Pods-CodeStack-CodeStackUITests.debug.xcconfig"; sourceTree = "<group>"; };
		BDE1E8AC81982C810908EEF3 /* Pods-CodeStack.debug.xcconfig */ = {isa = PBXFileReference; includeInIndex = 1; lastKnownFileType = text.xcconfig; name = "Pods-CodeStack.debug.xcconfig"; path = "Target Support Files/Pods-CodeStack/Pods-CodeStack.debug.xcconfig"; sourceTree = "<group>"; };
		D728EE75039BD7467F10238E /* Pods-CodeStackTests.release.xcconfig */ = {isa = PBXFileReference; includeInIndex = 1; lastKnownFileType = text.xcconfig; name = "Pods-CodeStackTests.release.xcconfig"; path = "Target Support Files/Pods-CodeStackTests/Pods-CodeStackTests.release.xcconfig"; sourceTree = "<group>"; };
		F8B4F4731C06EACB2B67E969 /* Pods_CodeStackTests.framework */ = {isa = PBXFileReference; explicitFileType = wrapper.framework; includeInIndex = 0; path = Pods_CodeStackTests.framework; sourceTree = BUILT_PRODUCTS_DIR; };
/* End PBXFileReference section */

/* Begin PBXFrameworksBuildPhase section */
		965310AA29EA7A4F006C3E18 /* Frameworks */ = {
			isa = PBXFrameworksBuildPhase;
			buildActionMask = 2147483647;
			files = (
				965310E229EA8099006C3E18 /* SnapKit in Frameworks */,
				24AFE7D66347091F273C23C7 /* Pods_CodeStack.framework in Frameworks */,
			);
			runOnlyForDeploymentPostprocessing = 0;
		};
		965310C029EA7A51006C3E18 /* Frameworks */ = {
			isa = PBXFrameworksBuildPhase;
			buildActionMask = 2147483647;
			files = (
				005D5425A883E7377F12B68C /* Pods_CodeStackTests.framework in Frameworks */,
			);
			runOnlyForDeploymentPostprocessing = 0;
		};
		965310CA29EA7A51006C3E18 /* Frameworks */ = {
			isa = PBXFrameworksBuildPhase;
			buildActionMask = 2147483647;
			files = (
				A39C318B10A5E3B9EE3DA7D8 /* Pods_CodeStack_CodeStackUITests.framework in Frameworks */,
			);
			runOnlyForDeploymentPostprocessing = 0;
		};
/* End PBXFrameworksBuildPhase section */

/* Begin PBXGroup section */
		55099AAE04D17F2FB691F355 /* Pods */ = {
			isa = PBXGroup;
			children = (
				BDE1E8AC81982C810908EEF3 /* Pods-CodeStack.debug.xcconfig */,
				4BC60300DCCB71515B444EC1 /* Pods-CodeStack.release.xcconfig */,
				BABDF8E58EE2EA1941E627FA /* Pods-CodeStack-CodeStackUITests.debug.xcconfig */,
				1E0D0A369F56190969D067C2 /* Pods-CodeStack-CodeStackUITests.release.xcconfig */,
				3E8179CD6A4DBC82F1CCAFCB /* Pods-CodeStackTests.debug.xcconfig */,
				D728EE75039BD7467F10238E /* Pods-CodeStackTests.release.xcconfig */,
			);
			path = Pods;
			sourceTree = "<group>";
		};
		965310A429EA7A4F006C3E18 = {
			isa = PBXGroup;
			children = (
				965310AF29EA7A4F006C3E18 /* CodeStack */,
				965310C629EA7A51006C3E18 /* CodeStackTests */,
				965310D029EA7A51006C3E18 /* CodeStackUITests */,
				965310AE29EA7A4F006C3E18 /* Products */,
				55099AAE04D17F2FB691F355 /* Pods */,
				F1BCF1B720E36514BDC1B286 /* Frameworks */,
			);
			sourceTree = "<group>";
		};
		965310AE29EA7A4F006C3E18 /* Products */ = {
			isa = PBXGroup;
			children = (
				965310AD29EA7A4F006C3E18 /* CodeStack.app */,
				965310C329EA7A51006C3E18 /* CodeStackTests.xctest */,
				965310CD29EA7A51006C3E18 /* CodeStackUITests.xctest */,
			);
			name = Products;
			sourceTree = "<group>";
		};
		965310AF29EA7A4F006C3E18 /* CodeStack */ = {
			isa = PBXGroup;
			children = (
				96C9F5BA29FEA185008D48B9 /* CodeStack.entitlements */,
				965310B029EA7A4F006C3E18 /* AppDelegate.swift */,
				965310B229EA7A4F006C3E18 /* SceneDelegate.swift */,
				9653110229EAE089006C3E18 /* App-Util */,
				965310EA29EA8F59006C3E18 /* Presentation */,
				9653114629EEA133006C3E18 /* KeyBoardManager-Shared */,
				9653111029EBCD8E006C3E18 /* Data */,
				96C9F5A529FE7A67008D48B9 /* Service */,
				965310B929EA7A51006C3E18 /* Assets.xcassets */,
				96C9F59C29FE6FBF008D48B9 /* Config.xcconfig */,
				9653114129EE9BFE006C3E18 /* Resource */,
				965310BB29EA7A51006C3E18 /* LaunchScreen.storyboard */,
				965310BE29EA7A51006C3E18 /* Info.plist */,
			);
			path = CodeStack;
			sourceTree = "<group>";
		};
		965310C629EA7A51006C3E18 /* CodeStackTests */ = {
			isa = PBXGroup;
			children = (
				965310C729EA7A51006C3E18 /* CodeStackTests.swift */,
			);
			path = CodeStackTests;
			sourceTree = "<group>";
		};
		965310D029EA7A51006C3E18 /* CodeStackUITests */ = {
			isa = PBXGroup;
			children = (
				965310D129EA7A51006C3E18 /* CodeStackUITests.swift */,
				965310D329EA7A51006C3E18 /* CodeStackUITestsLaunchTests.swift */,
			);
			path = CodeStackUITests;
			sourceTree = "<group>";
		};
		965310E329EA854C006C3E18 /* Style */ = {
			isa = PBXGroup;
			children = (
				965310E429EA855D006C3E18 /* Label-extension.swift */,
			);
			path = Style;
			sourceTree = "<group>";
		};
		965310EA29EA8F59006C3E18 /* Presentation */ = {
			isa = PBXGroup;
			children = (
				96C9F5B129FE86F8008D48B9 /* ViewModel */,
				96BA540529F6C70700B5BDD3 /* LoginPage */,
				965310EB29EA8F68006C3E18 /* Main */,
			);
			path = Presentation;
			sourceTree = "<group>";
		};
		965310EB29EA8F68006C3E18 /* Main */ = {
			isa = PBXGroup;
			children = (
				965310F529EADE5B006C3E18 /* interface */,
				9653110629EAEFBE006C3E18 /* Main-ViewController */,
				9653110829EAF044006C3E18 /* SideBar-VC */,
				9653110B29EAF1B6006C3E18 /* CodeProblem-VC */,
				9653112A29EE6D7E006C3E18 /* CodeEditor-VC */,
			);
			path = Main;
			sourceTree = "<group>";
		};
		965310ED29EA9991006C3E18 /* View */ = {
			isa = PBXGroup;
			children = (
				965310E629EA8E96006C3E18 /* MainView.swift */,
				965310E829EA8EF2006C3E18 /* MainSubView-(label 2, button 1).swift */,
				9653110929EAF0EA006C3E18 /* HighlightButton.swift */,
				965310E329EA854C006C3E18 /* Style */,
			);
			path = View;
			sourceTree = "<group>";
		};
		965310F529EADE5B006C3E18 /* interface */ = {
			isa = PBXGroup;
			children = (
				965310F629EADE6E006C3E18 /* SideMenuDelegate.swift */,
				9653111529EBD729006C3E18 /* CellIdentifierProtocol.swift */,
				965310F829EADE84006C3E18 /* ContentViewControllerPresentation.swift */,
			);
			path = interface;
			sourceTree = "<group>";
		};
		965310FE29EADFF6006C3E18 /* SideMenu */ = {
			isa = PBXGroup;
			children = (
				965310FC29EADF67006C3E18 /* SideMenuViewController.swift */,
				965310FF29EADFFE006C3E18 /* Cell */,
			);
			path = SideMenu;
			sourceTree = "<group>";
		};
		965310FF29EADFFE006C3E18 /* Cell */ = {
			isa = PBXGroup;
			children = (
				9653110029EAE008006C3E18 /* SideItemCell.swift */,
			);
			path = Cell;
			sourceTree = "<group>";
		};
		9653110229EAE089006C3E18 /* App-Util */ = {
			isa = PBXGroup;
			children = (
				9653110329EAE092006C3E18 /* UIApplication-extension.swift */,
				9653110E29EAF2F9006C3E18 /* UIViewController-ext.swift */,
			);
			path = "App-Util";
			sourceTree = "<group>";
		};
		9653110629EAEFBE006C3E18 /* Main-ViewController */ = {
			isa = PBXGroup;
			children = (
				965310B429EA7A4F006C3E18 /* ViewController.swift */,
				965310ED29EA9991006C3E18 /* View */,
			);
			path = "Main-ViewController";
			sourceTree = "<group>";
		};
		9653110829EAF044006C3E18 /* SideBar-VC */ = {
			isa = PBXGroup;
			children = (
				965310FA29EADF4A006C3E18 /* ContainerViewController.swift */,
				965310FE29EADFF6006C3E18 /* SideMenu */,
			);
			path = "SideBar-VC";
			sourceTree = "<group>";
		};
		9653110B29EAF1B6006C3E18 /* CodeProblem-VC */ = {
			isa = PBXGroup;
			children = (
				9653112829ED3481006C3E18 /* DummyData.swift */,
				9653111729EBD7C7006C3E18 /* VIewModel */,
				9653110C29EAF1DF006C3E18 /* CodeProblemViewController.swift */,
				9653112529ED1AD6006C3E18 /* Cell */,
				9653111E29ED1728006C3E18 /* Util */,
			);
			path = "CodeProblem-VC";
			sourceTree = "<group>";
		};
		9653111029EBCD8E006C3E18 /* Data */ = {
			isa = PBXGroup;
			children = (
				9653111129EBCD9A006C3E18 /* SourceModel.swift */,
				96C9F5B429FE90EC008D48B9 /* GitToken.swift */,
			);
			path = Data;
			sourceTree = "<group>";
		};
		9653111729EBD7C7006C3E18 /* VIewModel */ = {
			isa = PBXGroup;
			children = (
				9653111829EBD7CF006C3E18 /* ProblemItemModel.swift */,
				96C9F5BC2A02765A008D48B9 /* CodeProblemViewModel.swift */,
			);
			path = VIewModel;
			sourceTree = "<group>";
		};
		9653111E29ED1728006C3E18 /* Util */ = {
			isa = PBXGroup;
			children = (
				9653111F29ED1730006C3E18 /* CALayer.swift */,
			);
			path = Util;
			sourceTree = "<group>";
		};
		9653112129ED1AA2006C3E18 /* GraphCell */ = {
			isa = PBXGroup;
			children = (
				9653111C29EBF163006C3E18 /* GraphCell.swift */,
				9653112229ED1AB0006C3E18 /* View */,
			);
			path = GraphCell;
			sourceTree = "<group>";
		};
		9653112229ED1AB0006C3E18 /* View */ = {
			isa = PBXGroup;
			children = (
				9653112329ED1AC0006C3E18 /* LanguageTagContainer.swift */,
				9653112629ED1B5F006C3E18 /* LangugeView.swift */,
			);
			path = View;
			sourceTree = "<group>";
		};
		9653112529ED1AD6006C3E18 /* Cell */ = {
			isa = PBXGroup;
			children = (
				9653111329EBD176006C3E18 /* ProblemCell.swift */,
				96C9F5BE2A03C456008D48B9 /* FoldView.swift */,
				9653112129ED1AA2006C3E18 /* GraphCell */,
			);
			path = Cell;
			sourceTree = "<group>";
		};
		9653112A29EE6D7E006C3E18 /* CodeEditor-VC */ = {
			isa = PBXGroup;
			children = (
				96BA53FE29F53DAB00B5BDD3 /* ProblemDescriptionView.swift */,
				96BA540329F6C64700B5BDD3 /* CustomScrollView.swift */,
				96BA540029F6A0A000B5BDD3 /* TextField */,
				9653112B29EE6D9E006C3E18 /* CodeEditorViewController.swift */,
				96BA53B029EFE0CE00B5BDD3 /* VIew */,
				9653114B29EEF1F9006C3E18 /* CustomLayoutManager.swift */,
				9653114929EEED69006C3E18 /* TestViewController.swift */,
				9653112D29EE6E43006C3E18 /* CodeTextView.swift */,
			);
			path = "CodeEditor-VC";
			sourceTree = "<group>";
		};
		9653114129EE9BFE006C3E18 /* Resource */ = {
			isa = PBXGroup;
			children = (
				96C9F5A129FE73D6008D48B9 /* appstore.png */,
				9653113F29EE9637006C3E18 /* kotlin */,
				9653113B29EE9617006C3E18 /* go */,
				9653113729EE9611006C3E18 /* java */,
				9653113829EE9611006C3E18 /* javascript */,
				9653113529EE9608006C3E18 /* python */,
				9653113129EE95F4006C3E18 /* swift */,
				9653113229EE95F4006C3E18 /* typescript */,
			);
			path = Resource;
			sourceTree = "<group>";
		};
		9653114629EEA133006C3E18 /* KeyBoardManager-Shared */ = {
			isa = PBXGroup;
			children = (
				9653114729EEA162006C3E18 /* KeyBoardManager.swift */,
			);
			path = "KeyBoardManager-Shared";
			sourceTree = "<group>";
		};
		96BA53B029EFE0CE00B5BDD3 /* VIew */ = {
			isa = PBXGroup;
			children = (
				96BA53B129EFE0DA00B5BDD3 /* NumberLinesView.swift */,
			);
			path = VIew;
			sourceTree = "<group>";
		};
		96BA540029F6A0A000B5BDD3 /* TextField */ = {
			isa = PBXGroup;
			children = (
				96BA540129F6A0AE00B5BDD3 /* UITextField.swift */,
			);
			path = TextField;
			sourceTree = "<group>";
		};
		96BA540529F6C70700B5BDD3 /* LoginPage */ = {
			isa = PBXGroup;
			children = (
				96BA540629F6C71400B5BDD3 /* LoginViewController.swift */,
				96BA540829F6C71A00B5BDD3 /* CustomTextField.swift */,
				96BA540A29F6C72100B5BDD3 /* LoginView.swift */,
				96C9F5A329FE751E008D48B9 /* GitHubLoginButton.swift */,
				96BA540C29F6CA1800B5BDD3 /* LoginButton.swift */,
			);
			path = LoginPage;
			sourceTree = "<group>";
		};
		96C9F5A529FE7A67008D48B9 /* Service */ = {
			isa = PBXGroup;
			children = (
				96C9F5A629FE7A7A008D48B9 /* ServiceManager.swift */,
				96C9F5AF29FE8238008D48B9 /* GitOAuthrizationRequest.swift */,
				96C9F5B629FE9CBF008D48B9 /* AppleOAuthrizationRequest.swift */,
				96C9F5A829FE7C15008D48B9 /* HTTPHeaderFiled.swift */,
				96C9F5AA29FE7C30008D48B9 /* CuStomError.swift */,
				96C9F5AC29FE7EC8008D48B9 /* Util */,
			);
			path = Service;
			sourceTree = "<group>";
		};
		96C9F5AC29FE7EC8008D48B9 /* Util */ = {
			isa = PBXGroup;
			children = (
				96C9F5AD29FE7ED1008D48B9 /* URLRequest-ext.swift */,
				96C9F5B829FE9DEB008D48B9 /* String-ext.swift */,
			);
			path = Util;
			sourceTree = "<group>";
		};
		96C9F5B129FE86F8008D48B9 /* ViewModel */ = {
			isa = PBXGroup;
			children = (
				96C9F5B229FE871C008D48B9 /* LoginViewModel.swift */,
			);
			path = ViewModel;
			sourceTree = "<group>";
		};
		F1BCF1B720E36514BDC1B286 /* Frameworks */ = {
			isa = PBXGroup;
			children = (
				B544284C22797BF70DFA696E /* Pods_CodeStack.framework */,
				712D677D9775AF006F6F2AB8 /* Pods_CodeStack_CodeStackUITests.framework */,
				F8B4F4731C06EACB2B67E969 /* Pods_CodeStackTests.framework */,
			);
			name = Frameworks;
			sourceTree = "<group>";
		};
/* End PBXGroup section */

/* Begin PBXNativeTarget section */
		965310AC29EA7A4F006C3E18 /* CodeStack */ = {
			isa = PBXNativeTarget;
			buildConfigurationList = 965310D729EA7A51006C3E18 /* Build configuration list for PBXNativeTarget "CodeStack" */;
			buildPhases = (
				E6C3EC674B8CBE508A66CD71 /* [CP] Check Pods Manifest.lock */,
				965310A929EA7A4F006C3E18 /* Sources */,
				965310AA29EA7A4F006C3E18 /* Frameworks */,
				965310AB29EA7A4F006C3E18 /* Resources */,
				ADD5230EDBD8F279D367629A /* [CP] Embed Pods Frameworks */,
			);
			buildRules = (
			);
			dependencies = (
			);
			name = CodeStack;
			packageProductDependencies = (
				965310E129EA8099006C3E18 /* SnapKit */,
			);
			productName = CodeStack;
			productReference = 965310AD29EA7A4F006C3E18 /* CodeStack.app */;
			productType = "com.apple.product-type.application";
		};
		965310C229EA7A51006C3E18 /* CodeStackTests */ = {
			isa = PBXNativeTarget;
			buildConfigurationList = 965310DA29EA7A51006C3E18 /* Build configuration list for PBXNativeTarget "CodeStackTests" */;
			buildPhases = (
				10CC6FDACF115EB558EF1598 /* [CP] Check Pods Manifest.lock */,
				965310BF29EA7A51006C3E18 /* Sources */,
				965310C029EA7A51006C3E18 /* Frameworks */,
				965310C129EA7A51006C3E18 /* Resources */,
			);
			buildRules = (
			);
			dependencies = (
				965310C529EA7A51006C3E18 /* PBXTargetDependency */,
			);
			name = CodeStackTests;
			productName = CodeStackTests;
			productReference = 965310C329EA7A51006C3E18 /* CodeStackTests.xctest */;
			productType = "com.apple.product-type.bundle.unit-test";
		};
		965310CC29EA7A51006C3E18 /* CodeStackUITests */ = {
			isa = PBXNativeTarget;
			buildConfigurationList = 965310DD29EA7A51006C3E18 /* Build configuration list for PBXNativeTarget "CodeStackUITests" */;
			buildPhases = (
				29132931A5E5B1D7686E94FA /* [CP] Check Pods Manifest.lock */,
				965310C929EA7A51006C3E18 /* Sources */,
				965310CA29EA7A51006C3E18 /* Frameworks */,
				965310CB29EA7A51006C3E18 /* Resources */,
				E4AE76BCBDCC1996DBD7F19F /* [CP] Embed Pods Frameworks */,
			);
			buildRules = (
			);
			dependencies = (
				965310CF29EA7A51006C3E18 /* PBXTargetDependency */,
			);
			name = CodeStackUITests;
			productName = CodeStackUITests;
			productReference = 965310CD29EA7A51006C3E18 /* CodeStackUITests.xctest */;
			productType = "com.apple.product-type.bundle.ui-testing";
		};
/* End PBXNativeTarget section */

/* Begin PBXProject section */
		965310A529EA7A4F006C3E18 /* Project object */ = {
			isa = PBXProject;
			attributes = {
				BuildIndependentTargetsInParallel = 1;
				LastSwiftUpdateCheck = 1430;
				LastUpgradeCheck = 1430;
				TargetAttributes = {
					965310AC29EA7A4F006C3E18 = {
						CreatedOnToolsVersion = 14.3;
					};
					965310C229EA7A51006C3E18 = {
						CreatedOnToolsVersion = 14.3;
						TestTargetID = 965310AC29EA7A4F006C3E18;
					};
					965310CC29EA7A51006C3E18 = {
						CreatedOnToolsVersion = 14.3;
						TestTargetID = 965310AC29EA7A4F006C3E18;
					};
				};
			};
			buildConfigurationList = 965310A829EA7A4F006C3E18 /* Build configuration list for PBXProject "CodeStack" */;
			compatibilityVersion = "Xcode 14.0";
			developmentRegion = en;
			hasScannedForEncodings = 0;
			knownRegions = (
				en,
				Base,
			);
			mainGroup = 965310A429EA7A4F006C3E18;
			packageReferences = (
				965310E029EA8099006C3E18 /* XCRemoteSwiftPackageReference "SnapKit" */,
			);
			productRefGroup = 965310AE29EA7A4F006C3E18 /* Products */;
			projectDirPath = "";
			projectRoot = "";
			targets = (
				965310AC29EA7A4F006C3E18 /* CodeStack */,
				965310C229EA7A51006C3E18 /* CodeStackTests */,
				965310CC29EA7A51006C3E18 /* CodeStackUITests */,
			);
		};
/* End PBXProject section */

/* Begin PBXResourcesBuildPhase section */
		965310AB29EA7A4F006C3E18 /* Resources */ = {
			isa = PBXResourcesBuildPhase;
			buildActionMask = 2147483647;
			files = (
				9653113A29EE9611006C3E18 /* javascript in Resources */,
				9653113429EE95F4006C3E18 /* typescript in Resources */,
				9653110529EAE35E006C3E18 /* Assets.xcassets in Resources */,
				9653113329EE95F4006C3E18 /* swift in Resources */,
				9653114029EE9637006C3E18 /* kotlin in Resources */,
				96C9F5A229FE73D6008D48B9 /* appstore.png in Resources */,
				9653113C29EE9617006C3E18 /* go in Resources */,
				9653113629EE9608006C3E18 /* python in Resources */,
				965310BD29EA7A51006C3E18 /* LaunchScreen.storyboard in Resources */,
				9653113929EE9611006C3E18 /* java in Resources */,
			);
			runOnlyForDeploymentPostprocessing = 0;
		};
		965310C129EA7A51006C3E18 /* Resources */ = {
			isa = PBXResourcesBuildPhase;
			buildActionMask = 2147483647;
			files = (
			);
			runOnlyForDeploymentPostprocessing = 0;
		};
		965310CB29EA7A51006C3E18 /* Resources */ = {
			isa = PBXResourcesBuildPhase;
			buildActionMask = 2147483647;
			files = (
			);
			runOnlyForDeploymentPostprocessing = 0;
		};
/* End PBXResourcesBuildPhase section */

/* Begin PBXShellScriptBuildPhase section */
		10CC6FDACF115EB558EF1598 /* [CP] Check Pods Manifest.lock */ = {
			isa = PBXShellScriptBuildPhase;
			buildActionMask = 2147483647;
			files = (
			);
			inputFileListPaths = (
			);
			inputPaths = (
				"${PODS_PODFILE_DIR_PATH}/Podfile.lock",
				"${PODS_ROOT}/Manifest.lock",
			);
			name = "[CP] Check Pods Manifest.lock";
			outputFileListPaths = (
			);
			outputPaths = (
				"$(DERIVED_FILE_DIR)/Pods-CodeStackTests-checkManifestLockResult.txt",
			);
			runOnlyForDeploymentPostprocessing = 0;
			shellPath = /bin/sh;
			shellScript = "diff \"${PODS_PODFILE_DIR_PATH}/Podfile.lock\" \"${PODS_ROOT}/Manifest.lock\" > /dev/null\nif [ $? != 0 ] ; then\n    # print error to STDERR\n    echo \"error: The sandbox is not in sync with the Podfile.lock. Run 'pod install' or update your CocoaPods installation.\" >&2\n    exit 1\nfi\n# This output is used by Xcode 'outputs' to avoid re-running this script phase.\necho \"SUCCESS\" > \"${SCRIPT_OUTPUT_FILE_0}\"\n";
			showEnvVarsInLog = 0;
		};
		29132931A5E5B1D7686E94FA /* [CP] Check Pods Manifest.lock */ = {
			isa = PBXShellScriptBuildPhase;
			buildActionMask = 2147483647;
			files = (
			);
			inputFileListPaths = (
			);
			inputPaths = (
				"${PODS_PODFILE_DIR_PATH}/Podfile.lock",
				"${PODS_ROOT}/Manifest.lock",
			);
			name = "[CP] Check Pods Manifest.lock";
			outputFileListPaths = (
			);
			outputPaths = (
				"$(DERIVED_FILE_DIR)/Pods-CodeStack-CodeStackUITests-checkManifestLockResult.txt",
			);
			runOnlyForDeploymentPostprocessing = 0;
			shellPath = /bin/sh;
			shellScript = "diff \"${PODS_PODFILE_DIR_PATH}/Podfile.lock\" \"${PODS_ROOT}/Manifest.lock\" > /dev/null\nif [ $? != 0 ] ; then\n    # print error to STDERR\n    echo \"error: The sandbox is not in sync with the Podfile.lock. Run 'pod install' or update your CocoaPods installation.\" >&2\n    exit 1\nfi\n# This output is used by Xcode 'outputs' to avoid re-running this script phase.\necho \"SUCCESS\" > \"${SCRIPT_OUTPUT_FILE_0}\"\n";
			showEnvVarsInLog = 0;
		};
		ADD5230EDBD8F279D367629A /* [CP] Embed Pods Frameworks */ = {
			isa = PBXShellScriptBuildPhase;
			buildActionMask = 2147483647;
			files = (
			);
			inputFileListPaths = (
				"${PODS_ROOT}/Target Support Files/Pods-CodeStack/Pods-CodeStack-frameworks-${CONFIGURATION}-input-files.xcfilelist",
			);
			name = "[CP] Embed Pods Frameworks";
			outputFileListPaths = (
				"${PODS_ROOT}/Target Support Files/Pods-CodeStack/Pods-CodeStack-frameworks-${CONFIGURATION}-output-files.xcfilelist",
			);
			runOnlyForDeploymentPostprocessing = 0;
			shellPath = /bin/sh;
			shellScript = "\"${PODS_ROOT}/Target Support Files/Pods-CodeStack/Pods-CodeStack-frameworks.sh\"\n";
			showEnvVarsInLog = 0;
		};
		E4AE76BCBDCC1996DBD7F19F /* [CP] Embed Pods Frameworks */ = {
			isa = PBXShellScriptBuildPhase;
			buildActionMask = 2147483647;
			files = (
			);
			inputFileListPaths = (
				"${PODS_ROOT}/Target Support Files/Pods-CodeStack-CodeStackUITests/Pods-CodeStack-CodeStackUITests-frameworks-${CONFIGURATION}-input-files.xcfilelist",
			);
			name = "[CP] Embed Pods Frameworks";
			outputFileListPaths = (
				"${PODS_ROOT}/Target Support Files/Pods-CodeStack-CodeStackUITests/Pods-CodeStack-CodeStackUITests-frameworks-${CONFIGURATION}-output-files.xcfilelist",
			);
			runOnlyForDeploymentPostprocessing = 0;
			shellPath = /bin/sh;
			shellScript = "\"${PODS_ROOT}/Target Support Files/Pods-CodeStack-CodeStackUITests/Pods-CodeStack-CodeStackUITests-frameworks.sh\"\n";
			showEnvVarsInLog = 0;
		};
		E6C3EC674B8CBE508A66CD71 /* [CP] Check Pods Manifest.lock */ = {
			isa = PBXShellScriptBuildPhase;
			buildActionMask = 2147483647;
			files = (
			);
			inputFileListPaths = (
			);
			inputPaths = (
				"${PODS_PODFILE_DIR_PATH}/Podfile.lock",
				"${PODS_ROOT}/Manifest.lock",
			);
			name = "[CP] Check Pods Manifest.lock";
			outputFileListPaths = (
			);
			outputPaths = (
				"$(DERIVED_FILE_DIR)/Pods-CodeStack-checkManifestLockResult.txt",
			);
			runOnlyForDeploymentPostprocessing = 0;
			shellPath = /bin/sh;
			shellScript = "diff \"${PODS_PODFILE_DIR_PATH}/Podfile.lock\" \"${PODS_ROOT}/Manifest.lock\" > /dev/null\nif [ $? != 0 ] ; then\n    # print error to STDERR\n    echo \"error: The sandbox is not in sync with the Podfile.lock. Run 'pod install' or update your CocoaPods installation.\" >&2\n    exit 1\nfi\n# This output is used by Xcode 'outputs' to avoid re-running this script phase.\necho \"SUCCESS\" > \"${SCRIPT_OUTPUT_FILE_0}\"\n";
			showEnvVarsInLog = 0;
		};
/* End PBXShellScriptBuildPhase section */

/* Begin PBXSourcesBuildPhase section */
		965310A929EA7A4F006C3E18 /* Sources */ = {
			isa = PBXSourcesBuildPhase;
			buildActionMask = 2147483647;
			files = (
				9653112929ED3481006C3E18 /* DummyData.swift in Sources */,
				96C9F5AE29FE7ED1008D48B9 /* URLRequest-ext.swift in Sources */,
				9653111D29EBF163006C3E18 /* GraphCell.swift in Sources */,
				965310F929EADE84006C3E18 /* ContentViewControllerPresentation.swift in Sources */,
				96C9F5AB29FE7C30008D48B9 /* CuStomError.swift in Sources */,
				9653110D29EAF1DF006C3E18 /* CodeProblemViewController.swift in Sources */,
				9653114829EEA162006C3E18 /* KeyBoardManager.swift in Sources */,
				965310B529EA7A4F006C3E18 /* ViewController.swift in Sources */,
				96C9F5A729FE7A7A008D48B9 /* ServiceManager.swift in Sources */,
				965310FB29EADF4B006C3E18 /* ContainerViewController.swift in Sources */,
				96BA53B229EFE0DA00B5BDD3 /* NumberLinesView.swift in Sources */,
				96BA540929F6C71A00B5BDD3 /* CustomTextField.swift in Sources */,
				96BA540B29F6C72100B5BDD3 /* LoginView.swift in Sources */,
				965310E929EA8EF2006C3E18 /* MainSubView-(label 2, button 1).swift in Sources */,
				965310FD29EADF67006C3E18 /* SideMenuViewController.swift in Sources */,
				96C9F5A929FE7C15008D48B9 /* HTTPHeaderFiled.swift in Sources */,
				9653112E29EE6E43006C3E18 /* CodeTextView.swift in Sources */,
				9653112C29EE6D9E006C3E18 /* CodeEditorViewController.swift in Sources */,
				9653114C29EEF1F9006C3E18 /* CustomLayoutManager.swift in Sources */,
				96C9F5B529FE90EC008D48B9 /* GitToken.swift in Sources */,
				9653110F29EAF2F9006C3E18 /* UIViewController-ext.swift in Sources */,
				9653112429ED1AC0006C3E18 /* LanguageTagContainer.swift in Sources */,
				96C9F5B729FE9CBF008D48B9 /* AppleOAuthrizationRequest.swift in Sources */,
				9653110129EAE008006C3E18 /* SideItemCell.swift in Sources */,
				9653114A29EEED69006C3E18 /* TestViewController.swift in Sources */,
				965310B129EA7A4F006C3E18 /* AppDelegate.swift in Sources */,
				96C9F5B329FE871C008D48B9 /* LoginViewModel.swift in Sources */,
				965310E529EA855D006C3E18 /* Label-extension.swift in Sources */,
				96BA540229F6A0AE00B5BDD3 /* UITextField.swift in Sources */,
				96C9F5BD2A02765A008D48B9 /* CodeProblemViewModel.swift in Sources */,
				96C9F5A429FE751E008D48B9 /* GitHubLoginButton.swift in Sources */,
				9653112729ED1B5F006C3E18 /* LangugeView.swift in Sources */,
				9653111629EBD729006C3E18 /* CellIdentifierProtocol.swift in Sources */,
				9653110A29EAF0EA006C3E18 /* HighlightButton.swift in Sources */,
				96C9F5B929FE9DEB008D48B9 /* String-ext.swift in Sources */,
				9653111929EBD7D0006C3E18 /* ProblemItemModel.swift in Sources */,
				9653110429EAE092006C3E18 /* UIApplication-extension.swift in Sources */,
				9653111429EBD176006C3E18 /* ProblemCell.swift in Sources */,
				96C9F5B029FE8238008D48B9 /* GitOAuthrizationRequest.swift in Sources */,
				965310F729EADE6E006C3E18 /* SideMenuDelegate.swift in Sources */,
				965310E729EA8E96006C3E18 /* MainView.swift in Sources */,
				96C9F5BF2A03C456008D48B9 /* FoldView.swift in Sources */,
				96BA53FF29F53DAB00B5BDD3 /* ProblemDescriptionView.swift in Sources */,
				9653112029ED1730006C3E18 /* CALayer.swift in Sources */,
				96BA540729F6C71400B5BDD3 /* LoginViewController.swift in Sources */,
				9653111229EBCD9A006C3E18 /* SourceModel.swift in Sources */,
				965310B329EA7A4F006C3E18 /* SceneDelegate.swift in Sources */,
				96BA540429F6C64700B5BDD3 /* CustomScrollView.swift in Sources */,
				96BA540D29F6CA1800B5BDD3 /* LoginButton.swift in Sources */,
			);
			runOnlyForDeploymentPostprocessing = 0;
		};
		965310BF29EA7A51006C3E18 /* Sources */ = {
			isa = PBXSourcesBuildPhase;
			buildActionMask = 2147483647;
			files = (
				965310C829EA7A51006C3E18 /* CodeStackTests.swift in Sources */,
			);
			runOnlyForDeploymentPostprocessing = 0;
		};
		965310C929EA7A51006C3E18 /* Sources */ = {
			isa = PBXSourcesBuildPhase;
			buildActionMask = 2147483647;
			files = (
				965310D429EA7A51006C3E18 /* CodeStackUITestsLaunchTests.swift in Sources */,
				965310D229EA7A51006C3E18 /* CodeStackUITests.swift in Sources */,
			);
			runOnlyForDeploymentPostprocessing = 0;
		};
/* End PBXSourcesBuildPhase section */

/* Begin PBXTargetDependency section */
		965310C529EA7A51006C3E18 /* PBXTargetDependency */ = {
			isa = PBXTargetDependency;
			target = 965310AC29EA7A4F006C3E18 /* CodeStack */;
			targetProxy = 965310C429EA7A51006C3E18 /* PBXContainerItemProxy */;
		};
		965310CF29EA7A51006C3E18 /* PBXTargetDependency */ = {
			isa = PBXTargetDependency;
			target = 965310AC29EA7A4F006C3E18 /* CodeStack */;
			targetProxy = 965310CE29EA7A51006C3E18 /* PBXContainerItemProxy */;
		};
/* End PBXTargetDependency section */

/* Begin PBXVariantGroup section */
		965310BB29EA7A51006C3E18 /* LaunchScreen.storyboard */ = {
			isa = PBXVariantGroup;
			children = (
				965310BC29EA7A51006C3E18 /* Base */,
			);
			name = LaunchScreen.storyboard;
			sourceTree = "<group>";
		};
/* End PBXVariantGroup section */

/* Begin XCBuildConfiguration section */
		965310D529EA7A51006C3E18 /* Debug */ = {
			isa = XCBuildConfiguration;
			baseConfigurationReference = 96C9F59C29FE6FBF008D48B9 /* Config.xcconfig */;
			buildSettings = {
				ALWAYS_SEARCH_USER_PATHS = NO;
				CLANG_ANALYZER_NONNULL = YES;
				CLANG_ANALYZER_NUMBER_OBJECT_CONVERSION = YES_AGGRESSIVE;
				CLANG_CXX_LANGUAGE_STANDARD = "gnu++20";
				CLANG_ENABLE_MODULES = YES;
				CLANG_ENABLE_OBJC_ARC = YES;
				CLANG_ENABLE_OBJC_WEAK = YES;
				CLANG_WARN_BLOCK_CAPTURE_AUTORELEASING = YES;
				CLANG_WARN_BOOL_CONVERSION = YES;
				CLANG_WARN_COMMA = YES;
				CLANG_WARN_CONSTANT_CONVERSION = YES;
				CLANG_WARN_DEPRECATED_OBJC_IMPLEMENTATIONS = YES;
				CLANG_WARN_DIRECT_OBJC_ISA_USAGE = YES_ERROR;
				CLANG_WARN_DOCUMENTATION_COMMENTS = YES;
				CLANG_WARN_EMPTY_BODY = YES;
				CLANG_WARN_ENUM_CONVERSION = YES;
				CLANG_WARN_INFINITE_RECURSION = YES;
				CLANG_WARN_INT_CONVERSION = YES;
				CLANG_WARN_NON_LITERAL_NULL_CONVERSION = YES;
				CLANG_WARN_OBJC_IMPLICIT_RETAIN_SELF = YES;
				CLANG_WARN_OBJC_LITERAL_CONVERSION = YES;
				CLANG_WARN_OBJC_ROOT_CLASS = YES_ERROR;
				CLANG_WARN_QUOTED_INCLUDE_IN_FRAMEWORK_HEADER = YES;
				CLANG_WARN_RANGE_LOOP_ANALYSIS = YES;
				CLANG_WARN_STRICT_PROTOTYPES = YES;
				CLANG_WARN_SUSPICIOUS_MOVE = YES;
				CLANG_WARN_UNGUARDED_AVAILABILITY = YES_AGGRESSIVE;
				CLANG_WARN_UNREACHABLE_CODE = YES;
				CLANG_WARN__DUPLICATE_METHOD_MATCH = YES;
				COPY_PHASE_STRIP = NO;
				DEBUG_INFORMATION_FORMAT = dwarf;
				ENABLE_STRICT_OBJC_MSGSEND = YES;
				ENABLE_TESTABILITY = YES;
				GCC_C_LANGUAGE_STANDARD = gnu11;
				GCC_DYNAMIC_NO_PIC = NO;
				GCC_NO_COMMON_BLOCKS = YES;
				GCC_OPTIMIZATION_LEVEL = 0;
				GCC_PREPROCESSOR_DEFINITIONS = (
					"DEBUG=1",
					"$(inherited)",
				);
				GCC_WARN_64_TO_32_BIT_CONVERSION = YES;
				GCC_WARN_ABOUT_RETURN_TYPE = YES_ERROR;
				GCC_WARN_UNDECLARED_SELECTOR = YES;
				GCC_WARN_UNINITIALIZED_AUTOS = YES_AGGRESSIVE;
				GCC_WARN_UNUSED_FUNCTION = YES;
				GCC_WARN_UNUSED_VARIABLE = YES;
				IPHONEOS_DEPLOYMENT_TARGET = 15.0;
				MTL_ENABLE_DEBUG_INFO = INCLUDE_SOURCE;
				MTL_FAST_MATH = YES;
				ONLY_ACTIVE_ARCH = YES;
				SDKROOT = iphoneos;
				SWIFT_ACTIVE_COMPILATION_CONDITIONS = DEBUG;
				SWIFT_OPTIMIZATION_LEVEL = "-Onone";
			};
			name = Debug;
		};
		965310D629EA7A51006C3E18 /* Release */ = {
			isa = XCBuildConfiguration;
			baseConfigurationReference = 96C9F59C29FE6FBF008D48B9 /* Config.xcconfig */;
			buildSettings = {
				ALWAYS_SEARCH_USER_PATHS = NO;
				CLANG_ANALYZER_NONNULL = YES;
				CLANG_ANALYZER_NUMBER_OBJECT_CONVERSION = YES_AGGRESSIVE;
				CLANG_CXX_LANGUAGE_STANDARD = "gnu++20";
				CLANG_ENABLE_MODULES = YES;
				CLANG_ENABLE_OBJC_ARC = YES;
				CLANG_ENABLE_OBJC_WEAK = YES;
				CLANG_WARN_BLOCK_CAPTURE_AUTORELEASING = YES;
				CLANG_WARN_BOOL_CONVERSION = YES;
				CLANG_WARN_COMMA = YES;
				CLANG_WARN_CONSTANT_CONVERSION = YES;
				CLANG_WARN_DEPRECATED_OBJC_IMPLEMENTATIONS = YES;
				CLANG_WARN_DIRECT_OBJC_ISA_USAGE = YES_ERROR;
				CLANG_WARN_DOCUMENTATION_COMMENTS = YES;
				CLANG_WARN_EMPTY_BODY = YES;
				CLANG_WARN_ENUM_CONVERSION = YES;
				CLANG_WARN_INFINITE_RECURSION = YES;
				CLANG_WARN_INT_CONVERSION = YES;
				CLANG_WARN_NON_LITERAL_NULL_CONVERSION = YES;
				CLANG_WARN_OBJC_IMPLICIT_RETAIN_SELF = YES;
				CLANG_WARN_OBJC_LITERAL_CONVERSION = YES;
				CLANG_WARN_OBJC_ROOT_CLASS = YES_ERROR;
				CLANG_WARN_QUOTED_INCLUDE_IN_FRAMEWORK_HEADER = YES;
				CLANG_WARN_RANGE_LOOP_ANALYSIS = YES;
				CLANG_WARN_STRICT_PROTOTYPES = YES;
				CLANG_WARN_SUSPICIOUS_MOVE = YES;
				CLANG_WARN_UNGUARDED_AVAILABILITY = YES_AGGRESSIVE;
				CLANG_WARN_UNREACHABLE_CODE = YES;
				CLANG_WARN__DUPLICATE_METHOD_MATCH = YES;
				COPY_PHASE_STRIP = NO;
				DEBUG_INFORMATION_FORMAT = "dwarf-with-dsym";
				ENABLE_NS_ASSERTIONS = NO;
				ENABLE_STRICT_OBJC_MSGSEND = YES;
				GCC_C_LANGUAGE_STANDARD = gnu11;
				GCC_NO_COMMON_BLOCKS = YES;
				GCC_WARN_64_TO_32_BIT_CONVERSION = YES;
				GCC_WARN_ABOUT_RETURN_TYPE = YES_ERROR;
				GCC_WARN_UNDECLARED_SELECTOR = YES;
				GCC_WARN_UNINITIALIZED_AUTOS = YES_AGGRESSIVE;
				GCC_WARN_UNUSED_FUNCTION = YES;
				GCC_WARN_UNUSED_VARIABLE = YES;
				IPHONEOS_DEPLOYMENT_TARGET = 15.0;
				MTL_ENABLE_DEBUG_INFO = NO;
				MTL_FAST_MATH = YES;
				SDKROOT = iphoneos;
				SWIFT_COMPILATION_MODE = wholemodule;
				SWIFT_OPTIMIZATION_LEVEL = "-O";
				VALIDATE_PRODUCT = YES;
			};
			name = Release;
		};
		965310D829EA7A51006C3E18 /* Debug */ = {
			isa = XCBuildConfiguration;
			baseConfigurationReference = BDE1E8AC81982C810908EEF3 /* Pods-CodeStack.debug.xcconfig */;
			buildSettings = {
				ASSETCATALOG_COMPILER_APPICON_NAME = AppIcon;
				ASSETCATALOG_COMPILER_GLOBAL_ACCENT_COLOR_NAME = AccentColor;
				CODE_SIGN_ENTITLEMENTS = CodeStack/CodeStack.entitlements;
				CODE_SIGN_IDENTITY = "Apple Development";
				CODE_SIGN_STYLE = Automatic;
				CURRENT_PROJECT_VERSION = 1;
				DEVELOPMENT_TEAM = 2JZ8QNS5D4;
				GENERATE_INFOPLIST_FILE = YES;
				INFOPLIST_FILE = CodeStack/Info.plist;
				INFOPLIST_KEY_UIApplicationSupportsIndirectInputEvents = YES;
				INFOPLIST_KEY_UILaunchStoryboardName = LaunchScreen;
				INFOPLIST_KEY_UISupportedInterfaceOrientations_iPad = "UIInterfaceOrientationPortrait UIInterfaceOrientationPortraitUpsideDown UIInterfaceOrientationLandscapeLeft UIInterfaceOrientationLandscapeRight";
				INFOPLIST_KEY_UISupportedInterfaceOrientations_iPhone = "UIInterfaceOrientationPortrait UIInterfaceOrientationLandscapeLeft UIInterfaceOrientationLandscapeRight";
				LD_RUNPATH_SEARCH_PATHS = (
					"$(inherited)",
					"@executable_path/Frameworks",
				);
				MARKETING_VERSION = 1.0;
				PRODUCT_BUNDLE_IDENTIFIER = "kr.co.CodeStack-iOS";
				PRODUCT_NAME = "$(TARGET_NAME)";
				PROVISIONING_PROFILE_SPECIFIER = "";
				SWIFT_EMIT_LOC_STRINGS = YES;
				SWIFT_VERSION = 5.0;
				TARGETED_DEVICE_FAMILY = "1,2";
			};
			name = Debug;
		};
		965310D929EA7A51006C3E18 /* Release */ = {
			isa = XCBuildConfiguration;
			baseConfigurationReference = 4BC60300DCCB71515B444EC1 /* Pods-CodeStack.release.xcconfig */;
			buildSettings = {
				ASSETCATALOG_COMPILER_APPICON_NAME = AppIcon;
				ASSETCATALOG_COMPILER_GLOBAL_ACCENT_COLOR_NAME = AccentColor;
				CODE_SIGN_ENTITLEMENTS = CodeStack/CodeStack.entitlements;
				CODE_SIGN_IDENTITY = "Apple Development";
				CODE_SIGN_STYLE = Automatic;
				CURRENT_PROJECT_VERSION = 1;
				DEVELOPMENT_TEAM = 2JZ8QNS5D4;
				GENERATE_INFOPLIST_FILE = YES;
				INFOPLIST_FILE = CodeStack/Info.plist;
				INFOPLIST_KEY_UIApplicationSupportsIndirectInputEvents = YES;
				INFOPLIST_KEY_UILaunchStoryboardName = LaunchScreen;
				INFOPLIST_KEY_UISupportedInterfaceOrientations_iPad = "UIInterfaceOrientationPortrait UIInterfaceOrientationPortraitUpsideDown UIInterfaceOrientationLandscapeLeft UIInterfaceOrientationLandscapeRight";
				INFOPLIST_KEY_UISupportedInterfaceOrientations_iPhone = "UIInterfaceOrientationPortrait UIInterfaceOrientationLandscapeLeft UIInterfaceOrientationLandscapeRight";
				LD_RUNPATH_SEARCH_PATHS = (
					"$(inherited)",
					"@executable_path/Frameworks",
				);
				MARKETING_VERSION = 1.0;
				PRODUCT_BUNDLE_IDENTIFIER = "kr.co.CodeStack-iOS";
				PRODUCT_NAME = "$(TARGET_NAME)";
				PROVISIONING_PROFILE_SPECIFIER = "";
				SWIFT_EMIT_LOC_STRINGS = YES;
				SWIFT_VERSION = 5.0;
				TARGETED_DEVICE_FAMILY = "1,2";
			};
			name = Release;
		};
		965310DB29EA7A51006C3E18 /* Debug */ = {
			isa = XCBuildConfiguration;
			baseConfigurationReference = 3E8179CD6A4DBC82F1CCAFCB /* Pods-CodeStackTests.debug.xcconfig */;
			buildSettings = {
				ALWAYS_EMBED_SWIFT_STANDARD_LIBRARIES = YES;
				BUNDLE_LOADER = "$(TEST_HOST)";
				CODE_SIGN_STYLE = Automatic;
				CURRENT_PROJECT_VERSION = 1;
				DEVELOPMENT_TEAM = 2JZ8QNS5D4;
				GENERATE_INFOPLIST_FILE = YES;
				IPHONEOS_DEPLOYMENT_TARGET = 16.4;
				MARKETING_VERSION = 1.0;
				PRODUCT_BUNDLE_IDENTIFIER = kr.co.CodeStackTests;
				PRODUCT_NAME = "$(TARGET_NAME)";
				SWIFT_EMIT_LOC_STRINGS = NO;
				SWIFT_VERSION = 5.0;
				TARGETED_DEVICE_FAMILY = "1,2";
				TEST_HOST = "$(BUILT_PRODUCTS_DIR)/CodeStack.app/$(BUNDLE_EXECUTABLE_FOLDER_PATH)/CodeStack";
			};
			name = Debug;
		};
		965310DC29EA7A51006C3E18 /* Release */ = {
			isa = XCBuildConfiguration;
			baseConfigurationReference = D728EE75039BD7467F10238E /* Pods-CodeStackTests.release.xcconfig */;
			buildSettings = {
				ALWAYS_EMBED_SWIFT_STANDARD_LIBRARIES = YES;
				BUNDLE_LOADER = "$(TEST_HOST)";
				CODE_SIGN_STYLE = Automatic;
				CURRENT_PROJECT_VERSION = 1;
				DEVELOPMENT_TEAM = 2JZ8QNS5D4;
				GENERATE_INFOPLIST_FILE = YES;
				IPHONEOS_DEPLOYMENT_TARGET = 16.4;
				MARKETING_VERSION = 1.0;
				PRODUCT_BUNDLE_IDENTIFIER = kr.co.CodeStackTests;
				PRODUCT_NAME = "$(TARGET_NAME)";
				SWIFT_EMIT_LOC_STRINGS = NO;
				SWIFT_VERSION = 5.0;
				TARGETED_DEVICE_FAMILY = "1,2";
				TEST_HOST = "$(BUILT_PRODUCTS_DIR)/CodeStack.app/$(BUNDLE_EXECUTABLE_FOLDER_PATH)/CodeStack";
			};
			name = Release;
		};
		965310DE29EA7A51006C3E18 /* Debug */ = {
			isa = XCBuildConfiguration;
			baseConfigurationReference = BABDF8E58EE2EA1941E627FA /* Pods-CodeStack-CodeStackUITests.debug.xcconfig */;
			buildSettings = {
				ALWAYS_EMBED_SWIFT_STANDARD_LIBRARIES = YES;
				CODE_SIGN_STYLE = Automatic;
				CURRENT_PROJECT_VERSION = 1;
				DEVELOPMENT_TEAM = 2JZ8QNS5D4;
				GENERATE_INFOPLIST_FILE = YES;
				MARKETING_VERSION = 1.0;
				PRODUCT_BUNDLE_IDENTIFIER = kr.co.CodeStackUITests;
				PRODUCT_NAME = "$(TARGET_NAME)";
				SWIFT_EMIT_LOC_STRINGS = NO;
				SWIFT_VERSION = 5.0;
				TARGETED_DEVICE_FAMILY = "1,2";
				TEST_TARGET_NAME = CodeStack;
			};
			name = Debug;
		};
		965310DF29EA7A51006C3E18 /* Release */ = {
			isa = XCBuildConfiguration;
			baseConfigurationReference = 1E0D0A369F56190969D067C2 /* Pods-CodeStack-CodeStackUITests.release.xcconfig */;
			buildSettings = {
				ALWAYS_EMBED_SWIFT_STANDARD_LIBRARIES = YES;
				CODE_SIGN_STYLE = Automatic;
				CURRENT_PROJECT_VERSION = 1;
				DEVELOPMENT_TEAM = 2JZ8QNS5D4;
				GENERATE_INFOPLIST_FILE = YES;
				MARKETING_VERSION = 1.0;
				PRODUCT_BUNDLE_IDENTIFIER = kr.co.CodeStackUITests;
				PRODUCT_NAME = "$(TARGET_NAME)";
				SWIFT_EMIT_LOC_STRINGS = NO;
				SWIFT_VERSION = 5.0;
				TARGETED_DEVICE_FAMILY = "1,2";
				TEST_TARGET_NAME = CodeStack;
			};
			name = Release;
		};
/* End XCBuildConfiguration section */

/* Begin XCConfigurationList section */
		965310A829EA7A4F006C3E18 /* Build configuration list for PBXProject "CodeStack" */ = {
			isa = XCConfigurationList;
			buildConfigurations = (
				965310D529EA7A51006C3E18 /* Debug */,
				965310D629EA7A51006C3E18 /* Release */,
			);
			defaultConfigurationIsVisible = 0;
			defaultConfigurationName = Debug;
		};
		965310D729EA7A51006C3E18 /* Build configuration list for PBXNativeTarget "CodeStack" */ = {
			isa = XCConfigurationList;
			buildConfigurations = (
				965310D829EA7A51006C3E18 /* Debug */,
				965310D929EA7A51006C3E18 /* Release */,
			);
			defaultConfigurationIsVisible = 0;
			defaultConfigurationName = Debug;
		};
		965310DA29EA7A51006C3E18 /* Build configuration list for PBXNativeTarget "CodeStackTests" */ = {
			isa = XCConfigurationList;
			buildConfigurations = (
				965310DB29EA7A51006C3E18 /* Debug */,
				965310DC29EA7A51006C3E18 /* Release */,
			);
			defaultConfigurationIsVisible = 0;
			defaultConfigurationName = Debug;
		};
		965310DD29EA7A51006C3E18 /* Build configuration list for PBXNativeTarget "CodeStackUITests" */ = {
			isa = XCConfigurationList;
			buildConfigurations = (
				965310DE29EA7A51006C3E18 /* Debug */,
				965310DF29EA7A51006C3E18 /* Release */,
			);
			defaultConfigurationIsVisible = 0;
			defaultConfigurationName = Debug;
		};
/* End XCConfigurationList section */

/* Begin XCRemoteSwiftPackageReference section */
		965310E029EA8099006C3E18 /* XCRemoteSwiftPackageReference "SnapKit" */ = {
			isa = XCRemoteSwiftPackageReference;
			repositoryURL = "https://github.com/SnapKit/SnapKit.git";
			requirement = {
				kind = upToNextMajorVersion;
				minimumVersion = 5.0.0;
			};
		};
/* End XCRemoteSwiftPackageReference section */

/* Begin XCSwiftPackageProductDependency section */
		965310E129EA8099006C3E18 /* SnapKit */ = {
			isa = XCSwiftPackageProductDependency;
			package = 965310E029EA8099006C3E18 /* XCRemoteSwiftPackageReference "SnapKit" */;
			productName = SnapKit;
		};
/* End XCSwiftPackageProductDependency section */
	};
	rootObject = 965310A529EA7A4F006C3E18 /* Project object */;
}
