// !$*UTF8*$!
{
	archiveVersion = 1;
	classes = {
	};
	objectVersion = 55;
	objects = {

/* Begin PBXBuildFile section */
		07383D7A9F421DBD0BB18681 /* GetSubmissionsQuery.graphql.swift in Sources */ = {isa = PBXBuildFile; fileRef = CE0EB469C3C3C691065EDA65 /* GetSubmissionsQuery.graphql.swift */; };
		09AF3A24F82ADCEFCB39AC5D /* GetSubmissionByProblemIdQuery.graphql.swift in Sources */ = {isa = PBXBuildFile; fileRef = A56115A1BB00EEE22DBE33C4 /* GetSubmissionByProblemIdQuery.graphql.swift */; };
		0AEA7B433F06E924BD40B72D /* Mutation.graphql.swift in Sources */ = {isa = PBXBuildFile; fileRef = 741777529EB1C22173DD7442 /* Mutation.graphql.swift */; };
		0E11D431CC967F38BF31461C /* GetProblemsQuery.graphql.swift in Sources */ = {isa = PBXBuildFile; fileRef = 7E9E19236DE4922118DD5514 /* GetProblemsQuery.graphql.swift */; };
		1DEEA7B7E5B3F5F34CF38949 /* Submission.graphql.swift in Sources */ = {isa = PBXBuildFile; fileRef = EFDE2B188009461ED3542CF6 /* Submission.graphql.swift */; };
		2A57E7536CF3BB9AC0F338D5 /* TagPage.graphql.swift in Sources */ = {isa = PBXBuildFile; fileRef = 978A1F22B1AB676623060D0E /* TagPage.graphql.swift */; };
		37CE83FE3C58ABDA35DE3CCB /* Problem.graphql.swift in Sources */ = {isa = PBXBuildFile; fileRef = 215E72EACE03CA3C93079494 /* Problem.graphql.swift */; };
		41E47A6CEEA7162961053CB6 /* GetMeSubmissionsQuery.graphql.swift in Sources */ = {isa = PBXBuildFile; fileRef = 2FBAE3CC0FB7140CB34E84C6 /* GetMeSubmissionsQuery.graphql.swift */; };
		5904E69C3D800E7A1222878C /* Member.graphql.swift in Sources */ = {isa = PBXBuildFile; fileRef = 6164F752F6CA4385B612B0CE /* Member.graphql.swift */; };
		5D2B0AA83565AFBC364CA0A6 /* Query.graphql.swift in Sources */ = {isa = PBXBuildFile; fileRef = CF9D5B1A605825475B0B1F79 /* Query.graphql.swift */; };
		616889997D3B6634E8B0630F /* GetSolvedProblemQuery.graphql.swift in Sources */ = {isa = PBXBuildFile; fileRef = 2B8C6DE75C326508CA635415 /* GetSolvedProblemQuery.graphql.swift */; };
		61F9AC471FED2895DF34BDD0 /* SubmissionPage.graphql.swift in Sources */ = {isa = PBXBuildFile; fileRef = A8B574CFAAE6F81C5F631522 /* SubmissionPage.graphql.swift */; };
		637B27A3A517A2B86A6B4C7A /* GetMeQuery.graphql.swift in Sources */ = {isa = PBXBuildFile; fileRef = 7DCDA32F7ED2F13762AB0412 /* GetMeQuery.graphql.swift */; };
		6A083D541EE5ECBBC29831D1 /* ProblemPage.graphql.swift in Sources */ = {isa = PBXBuildFile; fileRef = B52D741E35E55631ED462F4A /* ProblemPage.graphql.swift */; };
		6A5B99E6F5FF066F93BF4639 /* CreateSubmissionMutation.graphql.swift in Sources */ = {isa = PBXBuildFile; fileRef = 311D9B25EC208BBFB1B17D50 /* CreateSubmissionMutation.graphql.swift */; };
		6B5C4FB8B835519E63BBDC52 /* GetAllTagQuery.graphql.swift in Sources */ = {isa = PBXBuildFile; fileRef = 955A6348DD4B02B7B66AB02C /* GetAllTagQuery.graphql.swift */; };
		6F1F07C3A6D748BADC250240 /* GetAllLanguageQuery.graphql.swift in Sources */ = {isa = PBXBuildFile; fileRef = 31AE2A86BBE5E4A13982107B /* GetAllLanguageQuery.graphql.swift */; };
		884BCB5E19E4FEB36B740541 /* GetProblemByIdQuery.graphql.swift in Sources */ = {isa = PBXBuildFile; fileRef = E49A1FA9BDC8E98FCDB75E57 /* GetProblemByIdQuery.graphql.swift */; };
		8B2BA8829B2C0C5D199725E1 /* DateTime.swift in Sources */ = {isa = PBXBuildFile; fileRef = DC56C20E3AE18606910E2207 /* DateTime.swift */; };
		8C101F9823B1EFC8E9C54093 /* SchemaConfiguration.swift in Sources */ = {isa = PBXBuildFile; fileRef = FC14CEBE4D2904FA0B65977C /* SchemaConfiguration.swift */; };
		8F4B371956419229C6875C55 /* Tag.graphql.swift in Sources */ = {isa = PBXBuildFile; fileRef = 33FD4232AA228CA4EC18F7AD /* Tag.graphql.swift */; };
		91A922839FBE82650CC6165A /* GetSubmissionByIdQuery.graphql.swift in Sources */ = {isa = PBXBuildFile; fileRef = B3141D8714985BC83B15E8E0 /* GetSubmissionByIdQuery.graphql.swift */; };
		9C39D7486C6F1AB05E86C0C0 /* GetSearchproblemsQuery.graphql.swift in Sources */ = {isa = PBXBuildFile; fileRef = 0F1D49F7A7BBE92976CE2013 /* GetSearchproblemsQuery.graphql.swift */; };
		B921CBF2AFA441D091E63008 /* UpdateNickNameMutation.graphql.swift in Sources */ = {isa = PBXBuildFile; fileRef = 616F8D189092EBFAB7578EA6 /* UpdateNickNameMutation.graphql.swift */; };
		D2C7E33E64DB882CDA32E386 /* GetMeSubmissionHistoryQuery.graphql.swift in Sources */ = {isa = PBXBuildFile; fileRef = A4CF4ED7FAF2FC12280563DD /* GetMeSubmissionHistoryQuery.graphql.swift */; };
		D346F246D0230FF07775D676 /* ApolloAPI.framework in Frameworks */ = {isa = PBXBuildFile; fileRef = 87A00A24F661313DE95BEF85 /* ApolloAPI.framework */; platformFilter = ios; };
		D776B4BDF744B7ACF1499D17 /* SchemaMetadata.graphql.swift in Sources */ = {isa = PBXBuildFile; fileRef = 611F83C8C4DB0049B0100E05 /* SchemaMetadata.graphql.swift */; };
		DD5EFFF35AC85D6EC1359C66 /* Language.graphql.swift in Sources */ = {isa = PBXBuildFile; fileRef = 2D738976050030C2F2842862 /* Language.graphql.swift */; };
		F3FC409CD3BB001C3C47EA27 /* PageInfo.graphql.swift in Sources */ = {isa = PBXBuildFile; fileRef = AD0810C23A1C6230E3EE5FFC /* PageInfo.graphql.swift */; };
/* End PBXBuildFile section */

/* Begin PBXCopyFilesBuildPhase section */
		51CA85F1241C6C2C04639F0A /* Embed Frameworks */ = {
			isa = PBXCopyFilesBuildPhase;
			buildActionMask = 2147483647;
			dstPath = "";
			dstSubfolderSpec = 10;
			files = (
			);
			name = "Embed Frameworks";
			runOnlyForDeploymentPostprocessing = 0;
		};
/* End PBXCopyFilesBuildPhase section */

/* Begin PBXFileReference section */
		0F1D49F7A7BBE92976CE2013 /* GetSearchproblemsQuery.graphql.swift */ = {isa = PBXFileReference; lastKnownFileType = sourcecode.swift; path = GetSearchproblemsQuery.graphql.swift; sourceTree = "<group>"; };
		215E72EACE03CA3C93079494 /* Problem.graphql.swift */ = {isa = PBXFileReference; lastKnownFileType = sourcecode.swift; path = Problem.graphql.swift; sourceTree = "<group>"; };
		2B8C6DE75C326508CA635415 /* GetSolvedProblemQuery.graphql.swift */ = {isa = PBXFileReference; lastKnownFileType = sourcecode.swift; path = GetSolvedProblemQuery.graphql.swift; sourceTree = "<group>"; };
		2D738976050030C2F2842862 /* Language.graphql.swift */ = {isa = PBXFileReference; lastKnownFileType = sourcecode.swift; path = Language.graphql.swift; sourceTree = "<group>"; };
		2FBAE3CC0FB7140CB34E84C6 /* GetMeSubmissionsQuery.graphql.swift */ = {isa = PBXFileReference; lastKnownFileType = sourcecode.swift; path = GetMeSubmissionsQuery.graphql.swift; sourceTree = "<group>"; };
		311D9B25EC208BBFB1B17D50 /* CreateSubmissionMutation.graphql.swift */ = {isa = PBXFileReference; lastKnownFileType = sourcecode.swift; path = CreateSubmissionMutation.graphql.swift; sourceTree = "<group>"; };
		31AE2A86BBE5E4A13982107B /* GetAllLanguageQuery.graphql.swift */ = {isa = PBXFileReference; lastKnownFileType = sourcecode.swift; path = GetAllLanguageQuery.graphql.swift; sourceTree = "<group>"; };
		329EF5452D42FA32447B9EB2 /* CodestackAPI.framework */ = {isa = PBXFileReference; explicitFileType = wrapper.framework; includeInIndex = 0; path = CodestackAPI.framework; sourceTree = BUILT_PRODUCTS_DIR; };
		33FD4232AA228CA4EC18F7AD /* Tag.graphql.swift */ = {isa = PBXFileReference; lastKnownFileType = sourcecode.swift; path = Tag.graphql.swift; sourceTree = "<group>"; };
		611F83C8C4DB0049B0100E05 /* SchemaMetadata.graphql.swift */ = {isa = PBXFileReference; lastKnownFileType = sourcecode.swift; path = SchemaMetadata.graphql.swift; sourceTree = "<group>"; };
		6164F752F6CA4385B612B0CE /* Member.graphql.swift */ = {isa = PBXFileReference; lastKnownFileType = sourcecode.swift; path = Member.graphql.swift; sourceTree = "<group>"; };
		616F8D189092EBFAB7578EA6 /* UpdateNickNameMutation.graphql.swift */ = {isa = PBXFileReference; lastKnownFileType = sourcecode.swift; path = UpdateNickNameMutation.graphql.swift; sourceTree = "<group>"; };
		741777529EB1C22173DD7442 /* Mutation.graphql.swift */ = {isa = PBXFileReference; lastKnownFileType = sourcecode.swift; path = Mutation.graphql.swift; sourceTree = "<group>"; };
		7DCDA32F7ED2F13762AB0412 /* GetMeQuery.graphql.swift */ = {isa = PBXFileReference; lastKnownFileType = sourcecode.swift; path = GetMeQuery.graphql.swift; sourceTree = "<group>"; };
		7E9E19236DE4922118DD5514 /* GetProblemsQuery.graphql.swift */ = {isa = PBXFileReference; lastKnownFileType = sourcecode.swift; path = GetProblemsQuery.graphql.swift; sourceTree = "<group>"; };
		87A00A24F661313DE95BEF85 /* ApolloAPI.framework */ = {isa = PBXFileReference; explicitFileType = wrapper.framework; includeInIndex = 0; path = ApolloAPI.framework; sourceTree = BUILT_PRODUCTS_DIR; };
		955A6348DD4B02B7B66AB02C /* GetAllTagQuery.graphql.swift */ = {isa = PBXFileReference; lastKnownFileType = sourcecode.swift; path = GetAllTagQuery.graphql.swift; sourceTree = "<group>"; };
		978A1F22B1AB676623060D0E /* TagPage.graphql.swift */ = {isa = PBXFileReference; lastKnownFileType = sourcecode.swift; path = TagPage.graphql.swift; sourceTree = "<group>"; };
		A4CF4ED7FAF2FC12280563DD /* GetMeSubmissionHistoryQuery.graphql.swift */ = {isa = PBXFileReference; lastKnownFileType = sourcecode.swift; path = GetMeSubmissionHistoryQuery.graphql.swift; sourceTree = "<group>"; };
		A56115A1BB00EEE22DBE33C4 /* GetSubmissionByProblemIdQuery.graphql.swift */ = {isa = PBXFileReference; lastKnownFileType = sourcecode.swift; path = GetSubmissionByProblemIdQuery.graphql.swift; sourceTree = "<group>"; };
		A8B574CFAAE6F81C5F631522 /* SubmissionPage.graphql.swift */ = {isa = PBXFileReference; lastKnownFileType = sourcecode.swift; path = SubmissionPage.graphql.swift; sourceTree = "<group>"; };
		AD0810C23A1C6230E3EE5FFC /* PageInfo.graphql.swift */ = {isa = PBXFileReference; lastKnownFileType = sourcecode.swift; path = PageInfo.graphql.swift; sourceTree = "<group>"; };
		B3141D8714985BC83B15E8E0 /* GetSubmissionByIdQuery.graphql.swift */ = {isa = PBXFileReference; lastKnownFileType = sourcecode.swift; path = GetSubmissionByIdQuery.graphql.swift; sourceTree = "<group>"; };
		B52D741E35E55631ED462F4A /* ProblemPage.graphql.swift */ = {isa = PBXFileReference; lastKnownFileType = sourcecode.swift; path = ProblemPage.graphql.swift; sourceTree = "<group>"; };
		CA7D5807634FB0FA93B1F7F9 /* CodestackAPI-Info.plist */ = {isa = PBXFileReference; lastKnownFileType = text.plist; path = "CodestackAPI-Info.plist"; sourceTree = "<group>"; };
		CE0EB469C3C3C691065EDA65 /* GetSubmissionsQuery.graphql.swift */ = {isa = PBXFileReference; lastKnownFileType = sourcecode.swift; path = GetSubmissionsQuery.graphql.swift; sourceTree = "<group>"; };
		CF9D5B1A605825475B0B1F79 /* Query.graphql.swift */ = {isa = PBXFileReference; lastKnownFileType = sourcecode.swift; path = Query.graphql.swift; sourceTree = "<group>"; };
		DC56C20E3AE18606910E2207 /* DateTime.swift */ = {isa = PBXFileReference; lastKnownFileType = sourcecode.swift; path = DateTime.swift; sourceTree = "<group>"; };
		E49A1FA9BDC8E98FCDB75E57 /* GetProblemByIdQuery.graphql.swift */ = {isa = PBXFileReference; lastKnownFileType = sourcecode.swift; path = GetProblemByIdQuery.graphql.swift; sourceTree = "<group>"; };
		EFDE2B188009461ED3542CF6 /* Submission.graphql.swift */ = {isa = PBXFileReference; lastKnownFileType = sourcecode.swift; path = Submission.graphql.swift; sourceTree = "<group>"; };
		FC14CEBE4D2904FA0B65977C /* SchemaConfiguration.swift */ = {isa = PBXFileReference; lastKnownFileType = sourcecode.swift; path = SchemaConfiguration.swift; sourceTree = "<group>"; };
/* End PBXFileReference section */

/* Begin PBXFrameworksBuildPhase section */
		2027E5E614541F3D443D5D59 /* Frameworks */ = {
			isa = PBXFrameworksBuildPhase;
			buildActionMask = 2147483647;
			files = (
				D346F246D0230FF07775D676 /* ApolloAPI.framework in Frameworks */,
			);
			runOnlyForDeploymentPostprocessing = 0;
		};
/* End PBXFrameworksBuildPhase section */

/* Begin PBXGroup section */
		0765607E755B32BCBF9FDA88 /* Derived */ = {
			isa = PBXGroup;
			children = (
				8C7F4674BE98E82CF965F007 /* InfoPlists */,
			);
			path = Derived;
			sourceTree = "<group>";
		};
		1F94C742028B1C049F633F7B /* Frameworks */ = {
			isa = PBXGroup;
			children = (
			);
			name = Frameworks;
			sourceTree = "<group>";
		};
		33351743644A861A8F8A5484 /* Objects */ = {
			isa = PBXGroup;
			children = (
				2D738976050030C2F2842862 /* Language.graphql.swift */,
				6164F752F6CA4385B612B0CE /* Member.graphql.swift */,
				741777529EB1C22173DD7442 /* Mutation.graphql.swift */,
				AD0810C23A1C6230E3EE5FFC /* PageInfo.graphql.swift */,
				215E72EACE03CA3C93079494 /* Problem.graphql.swift */,
				B52D741E35E55631ED462F4A /* ProblemPage.graphql.swift */,
				CF9D5B1A605825475B0B1F79 /* Query.graphql.swift */,
				EFDE2B188009461ED3542CF6 /* Submission.graphql.swift */,
				A8B574CFAAE6F81C5F631522 /* SubmissionPage.graphql.swift */,
				33FD4232AA228CA4EC18F7AD /* Tag.graphql.swift */,
				978A1F22B1AB676623060D0E /* TagPage.graphql.swift */,
			);
			path = Objects;
			sourceTree = "<group>";
		};
		424809A2763E361A81323035 /* Sources */ = {
			isa = PBXGroup;
			children = (
				63CC5B0D62F4E4EC94803B60 /* Operations */,
				530BC900159964F232AC1B5F /* Schema */,
			);
			path = Sources;
			sourceTree = "<group>";
		};
		4277428B6C92C64ED0FCA888 /* Project */ = {
			isa = PBXGroup;
			children = (
				0765607E755B32BCBF9FDA88 /* Derived */,
				424809A2763E361A81323035 /* Sources */,
			);
			name = Project;
			sourceTree = "<group>";
		};
		530BC900159964F232AC1B5F /* Schema */ = {
			isa = PBXGroup;
			children = (
				79F81BD0AACE115F581EAEEA /* CustomScalars */,
				33351743644A861A8F8A5484 /* Objects */,
				FC14CEBE4D2904FA0B65977C /* SchemaConfiguration.swift */,
				611F83C8C4DB0049B0100E05 /* SchemaMetadata.graphql.swift */,
			);
			path = Schema;
			sourceTree = "<group>";
		};
		63CC5B0D62F4E4EC94803B60 /* Operations */ = {
			isa = PBXGroup;
			children = (
				854D171E4CD7CD7C101E63B3 /* Mutations */,
				898D7755FD679D20D07BC1B7 /* Queries */,
			);
			path = Operations;
			sourceTree = "<group>";
		};
		773B14C692C423EF1FA192A1 /* Products */ = {
			isa = PBXGroup;
			children = (
				87A00A24F661313DE95BEF85 /* ApolloAPI.framework */,
				329EF5452D42FA32447B9EB2 /* CodestackAPI.framework */,
			);
			name = Products;
			sourceTree = "<group>";
		};
		79F81BD0AACE115F581EAEEA /* CustomScalars */ = {
			isa = PBXGroup;
			children = (
				DC56C20E3AE18606910E2207 /* DateTime.swift */,
			);
			path = CustomScalars;
			sourceTree = "<group>";
		};
		854D171E4CD7CD7C101E63B3 /* Mutations */ = {
			isa = PBXGroup;
			children = (
				311D9B25EC208BBFB1B17D50 /* CreateSubmissionMutation.graphql.swift */,
				616F8D189092EBFAB7578EA6 /* UpdateNickNameMutation.graphql.swift */,
			);
			path = Mutations;
			sourceTree = "<group>";
		};
		898D7755FD679D20D07BC1B7 /* Queries */ = {
			isa = PBXGroup;
			children = (
				31AE2A86BBE5E4A13982107B /* GetAllLanguageQuery.graphql.swift */,
				955A6348DD4B02B7B66AB02C /* GetAllTagQuery.graphql.swift */,
				7DCDA32F7ED2F13762AB0412 /* GetMeQuery.graphql.swift */,
				A4CF4ED7FAF2FC12280563DD /* GetMeSubmissionHistoryQuery.graphql.swift */,
				2FBAE3CC0FB7140CB34E84C6 /* GetMeSubmissionsQuery.graphql.swift */,
				E49A1FA9BDC8E98FCDB75E57 /* GetProblemByIdQuery.graphql.swift */,
				7E9E19236DE4922118DD5514 /* GetProblemsQuery.graphql.swift */,
				0F1D49F7A7BBE92976CE2013 /* GetSearchproblemsQuery.graphql.swift */,
				2B8C6DE75C326508CA635415 /* GetSolvedProblemQuery.graphql.swift */,
				B3141D8714985BC83B15E8E0 /* GetSubmissionByIdQuery.graphql.swift */,
				A56115A1BB00EEE22DBE33C4 /* GetSubmissionByProblemIdQuery.graphql.swift */,
				CE0EB469C3C3C691065EDA65 /* GetSubmissionsQuery.graphql.swift */,
			);
			path = Queries;
			sourceTree = "<group>";
		};
		8C7F4674BE98E82CF965F007 /* InfoPlists */ = {
			isa = PBXGroup;
			children = (
				CA7D5807634FB0FA93B1F7F9 /* CodestackAPI-Info.plist */,
			);
			path = InfoPlists;
			sourceTree = "<group>";
		};
		90776F6ED527889B2A45ECA5 = {
			isa = PBXGroup;
			children = (
				4277428B6C92C64ED0FCA888 /* Project */,
				1F94C742028B1C049F633F7B /* Frameworks */,
				773B14C692C423EF1FA192A1 /* Products */,
			);
			sourceTree = "<group>";
		};
/* End PBXGroup section */

/* Begin PBXNativeTarget section */
		BA04DAA2465201DB9695A1FE /* CodestackAPI */ = {
			isa = PBXNativeTarget;
			buildConfigurationList = 571D052BBD9D5040232A8205 /* Build configuration list for PBXNativeTarget "CodestackAPI" */;
			buildPhases = (
				CCCFAB9CA49C8AE6F53087A2 /* Sources */,
				F5D67F71B396C6A85AF1C308 /* Resources */,
				51CA85F1241C6C2C04639F0A /* Embed Frameworks */,
				2027E5E614541F3D443D5D59 /* Frameworks */,
			);
			buildRules = (
			);
			dependencies = (
			);
			name = CodestackAPI;
			productName = CodestackAPI;
			productReference = 329EF5452D42FA32447B9EB2 /* CodestackAPI.framework */;
			productType = "com.apple.product-type.framework";
		};
/* End PBXNativeTarget section */

/* Begin PBXProject section */
		FA291B3D85BF58092EC387F1 /* Project object */ = {
			isa = PBXProject;
			attributes = {
				BuildIndependentTargetsInParallel = YES;
				LastUpgradeCheck = 9999;
				TargetAttributes = {
				};
			};
			buildConfigurationList = 98D7BD16ECA31461E80DB779 /* Build configuration list for PBXProject "CodestackAPI" */;
			compatibilityVersion = "Xcode 13.0";
			developmentRegion = en;
			hasScannedForEncodings = 0;
			knownRegions = (
				Base,
				en,
			);
			mainGroup = 90776F6ED527889B2A45ECA5;
			productRefGroup = 773B14C692C423EF1FA192A1 /* Products */;
			projectDirPath = "";
			projectRoot = "";
			targets = (
				BA04DAA2465201DB9695A1FE /* CodestackAPI */,
			);
		};
/* End PBXProject section */

/* Begin PBXResourcesBuildPhase section */
		F5D67F71B396C6A85AF1C308 /* Resources */ = {
			isa = PBXResourcesBuildPhase;
			buildActionMask = 2147483647;
			files = (
			);
			runOnlyForDeploymentPostprocessing = 0;
		};
/* End PBXResourcesBuildPhase section */

/* Begin PBXSourcesBuildPhase section */
		CCCFAB9CA49C8AE6F53087A2 /* Sources */ = {
			isa = PBXSourcesBuildPhase;
			buildActionMask = 2147483647;
			files = (
				6A5B99E6F5FF066F93BF4639 /* CreateSubmissionMutation.graphql.swift in Sources */,
				B921CBF2AFA441D091E63008 /* UpdateNickNameMutation.graphql.swift in Sources */,
				6F1F07C3A6D748BADC250240 /* GetAllLanguageQuery.graphql.swift in Sources */,
				6B5C4FB8B835519E63BBDC52 /* GetAllTagQuery.graphql.swift in Sources */,
				637B27A3A517A2B86A6B4C7A /* GetMeQuery.graphql.swift in Sources */,
				D2C7E33E64DB882CDA32E386 /* GetMeSubmissionHistoryQuery.graphql.swift in Sources */,
				41E47A6CEEA7162961053CB6 /* GetMeSubmissionsQuery.graphql.swift in Sources */,
				884BCB5E19E4FEB36B740541 /* GetProblemByIdQuery.graphql.swift in Sources */,
				0E11D431CC967F38BF31461C /* GetProblemsQuery.graphql.swift in Sources */,
				9C39D7486C6F1AB05E86C0C0 /* GetSearchproblemsQuery.graphql.swift in Sources */,
				616889997D3B6634E8B0630F /* GetSolvedProblemQuery.graphql.swift in Sources */,
				91A922839FBE82650CC6165A /* GetSubmissionByIdQuery.graphql.swift in Sources */,
				09AF3A24F82ADCEFCB39AC5D /* GetSubmissionByProblemIdQuery.graphql.swift in Sources */,
				07383D7A9F421DBD0BB18681 /* GetSubmissionsQuery.graphql.swift in Sources */,
				8B2BA8829B2C0C5D199725E1 /* DateTime.swift in Sources */,
				DD5EFFF35AC85D6EC1359C66 /* Language.graphql.swift in Sources */,
				5904E69C3D800E7A1222878C /* Member.graphql.swift in Sources */,
				0AEA7B433F06E924BD40B72D /* Mutation.graphql.swift in Sources */,
				F3FC409CD3BB001C3C47EA27 /* PageInfo.graphql.swift in Sources */,
				37CE83FE3C58ABDA35DE3CCB /* Problem.graphql.swift in Sources */,
				6A083D541EE5ECBBC29831D1 /* ProblemPage.graphql.swift in Sources */,
				5D2B0AA83565AFBC364CA0A6 /* Query.graphql.swift in Sources */,
				1DEEA7B7E5B3F5F34CF38949 /* Submission.graphql.swift in Sources */,
				61F9AC471FED2895DF34BDD0 /* SubmissionPage.graphql.swift in Sources */,
				8F4B371956419229C6875C55 /* Tag.graphql.swift in Sources */,
				2A57E7536CF3BB9AC0F338D5 /* TagPage.graphql.swift in Sources */,
				8C101F9823B1EFC8E9C54093 /* SchemaConfiguration.swift in Sources */,
				D776B4BDF744B7ACF1499D17 /* SchemaMetadata.graphql.swift in Sources */,
			);
			runOnlyForDeploymentPostprocessing = 0;
		};
/* End PBXSourcesBuildPhase section */

/* Begin XCBuildConfiguration section */
		2F4322ED967FE3309B9A02F1 /* Prod */ = {
			isa = XCBuildConfiguration;
			buildSettings = {
				ALWAYS_SEARCH_USER_PATHS = YES;
				CLANG_ENABLE_OBJC_WEAK = NO;
				CLANG_WARN_QUOTED_INCLUDE_IN_FRAMEWORK_HEADER = NO;
				CODE_SIGN_IDENTITY = "";
				CURRENT_PROJECT_VERSION = 1;
				DEFINES_MODULE = YES;
				DYLIB_COMPATIBILITY_VERSION = 1;
				DYLIB_CURRENT_VERSION = 1;
				DYLIB_INSTALL_NAME_BASE = "@rpath";
				ENABLE_STRICT_OBJC_MSGSEND = NO;
				FRAMEWORK_SEARCH_PATHS = (
					"$(inherited)",
					"$(PLATFORM_DIR)/Developer/Library/Frameworks",
				);
				GCC_NO_COMMON_BLOCKS = NO;
				GCC_PREPROCESSOR_DEFINITIONS = (
					"$(inherited)",
					"SWIFT_PACKAGE=1",
				);
				GCC_WARN_INHIBIT_ALL_WARNINGS = YES;
				INFOPLIST_FILE = "Derived/InfoPlists/CodestackAPI-Info.plist";
				INSTALL_PATH = "$(LOCAL_LIBRARY_DIR)/Frameworks";
				IPHONEOS_DEPLOYMENT_TARGET = 12.0;
				LD_RUNPATH_SEARCH_PATHS = (
					"$(inherited)",
					"@executable_path/Frameworks",
					"@loader_path/Frameworks",
				);
				PRODUCT_BUNDLE_IDENTIFIER = CodestackAPI;
				PRODUCT_NAME = CodestackAPI;
				SDKROOT = iphoneos;
				SKIP_INSTALL = YES;
				SUPPORTS_MACCATALYST = NO;
				SUPPORTS_MAC_DESIGNED_FOR_IPHONE_IPAD = YES;
				SWIFT_ACTIVE_COMPILATION_CONDITIONS = (
					"$(inherited) SWIFT_PACKAGE",
					DEBUG,
				);
				SWIFT_COMPILATION_MODE = singlefile;
				SWIFT_OPTIMIZATION_LEVEL = "-Onone";
				SWIFT_SUPPRESS_WARNINGS = YES;
				SWIFT_VERSION = 5.0;
				TARGETED_DEVICE_FAMILY = "1,2";
				USE_HEADERMAP = NO;
				VERSIONING_SYSTEM = "apple-generic";
				VERSION_INFO_PREFIX = "";
			};
			name = Prod;
		};
		45A2B8C18464D18A9A05BD9D /* Dev */ = {
			isa = XCBuildConfiguration;
			buildSettings = {
				ALWAYS_SEARCH_USER_PATHS = YES;
				CLANG_ENABLE_OBJC_WEAK = NO;
				CLANG_WARN_QUOTED_INCLUDE_IN_FRAMEWORK_HEADER = NO;
				CODE_SIGN_IDENTITY = "";
				CURRENT_PROJECT_VERSION = 1;
				DEFINES_MODULE = YES;
				DYLIB_COMPATIBILITY_VERSION = 1;
				DYLIB_CURRENT_VERSION = 1;
				DYLIB_INSTALL_NAME_BASE = "@rpath";
				ENABLE_STRICT_OBJC_MSGSEND = NO;
				FRAMEWORK_SEARCH_PATHS = (
					"$(inherited)",
					"$(PLATFORM_DIR)/Developer/Library/Frameworks",
				);
				GCC_NO_COMMON_BLOCKS = NO;
				GCC_PREPROCESSOR_DEFINITIONS = (
					"$(inherited)",
					"SWIFT_PACKAGE=1",
				);
				GCC_WARN_INHIBIT_ALL_WARNINGS = YES;
				INFOPLIST_FILE = "Derived/InfoPlists/CodestackAPI-Info.plist";
				INSTALL_PATH = "$(LOCAL_LIBRARY_DIR)/Frameworks";
				IPHONEOS_DEPLOYMENT_TARGET = 12.0;
				LD_RUNPATH_SEARCH_PATHS = (
					"$(inherited)",
					"@executable_path/Frameworks",
					"@loader_path/Frameworks",
				);
				PRODUCT_BUNDLE_IDENTIFIER = CodestackAPI;
				PRODUCT_NAME = CodestackAPI;
				SDKROOT = iphoneos;
				SKIP_INSTALL = YES;
				SUPPORTS_MACCATALYST = NO;
				SUPPORTS_MAC_DESIGNED_FOR_IPHONE_IPAD = YES;
				SWIFT_ACTIVE_COMPILATION_CONDITIONS = (
					"$(inherited) SWIFT_PACKAGE",
					DEBUG,
				);
				SWIFT_COMPILATION_MODE = singlefile;
				SWIFT_OPTIMIZATION_LEVEL = "-Onone";
				SWIFT_SUPPRESS_WARNINGS = YES;
				SWIFT_VERSION = 5.0;
				TARGETED_DEVICE_FAMILY = "1,2";
				USE_HEADERMAP = NO;
				VERSIONING_SYSTEM = "apple-generic";
				VERSION_INFO_PREFIX = "";
			};
			name = Dev;
		};
		DBAB447B52768812867CB0E4 /* Prod */ = {
			isa = XCBuildConfiguration;
			buildSettings = {
				ALWAYS_SEARCH_USER_PATHS = NO;
				CLANG_ANALYZER_LOCALIZABILITY_NONLOCALIZED = YES;
				CLANG_ANALYZER_NONNULL = YES;
				CLANG_ANALYZER_NUMBER_OBJECT_CONVERSION = YES_AGGRESSIVE;
				CLANG_CXX_LANGUAGE_STANDARD = "gnu++14";
				CLANG_CXX_LIBRARY = "libc++";
				CLANG_ENABLE_MODULES = YES;
				CLANG_ENABLE_OBJC_ARC = YES;
				CLANG_ENABLE_OBJC_WEAK = YES;
				CLANG_WARN_BLOCK_CAPTURE_AUTORELEASING = YES;
				CLANG_WARN_BOOL_CONVERSION = YES;
				CLANG_WARN_COMMA = YES;
				CLANG_WARN_CONSTANT_CONVERSION = YES;
				CLANG_WARN_DEPRECATED_OBJC_IMPLEMENTATIONS = YES;
				CLANG_WARN_DIRECT_OBJC_ISA_USAGE = YES_ERROR;
				CLANG_WARN_DOCUMENTATION_COMMENTS = YES;
				CLANG_WARN_EMPTY_BODY = YES;
				CLANG_WARN_ENUM_CONVERSION = YES;
				CLANG_WARN_INFINITE_RECURSION = YES;
				CLANG_WARN_INT_CONVERSION = YES;
				CLANG_WARN_NON_LITERAL_NULL_CONVERSION = YES;
				CLANG_WARN_OBJC_IMPLICIT_RETAIN_SELF = YES;
				CLANG_WARN_OBJC_LITERAL_CONVERSION = YES;
				CLANG_WARN_OBJC_ROOT_CLASS = YES_ERROR;
				CLANG_WARN_QUOTED_INCLUDE_IN_FRAMEWORK_HEADER = YES;
				CLANG_WARN_RANGE_LOOP_ANALYSIS = YES;
				CLANG_WARN_STRICT_PROTOTYPES = YES;
				CLANG_WARN_SUSPICIOUS_MOVE = YES;
				CLANG_WARN_UNGUARDED_AVAILABILITY = YES_AGGRESSIVE;
				CLANG_WARN_UNREACHABLE_CODE = YES;
				CLANG_WARN__DUPLICATE_METHOD_MATCH = YES;
				COPY_PHASE_STRIP = NO;
				DEAD_CODE_STRIPPING = YES;
				DEBUG_INFORMATION_FORMAT = dwarf;
				ENABLE_STRICT_OBJC_MSGSEND = YES;
				ENABLE_TESTABILITY = YES;
				GCC_C_LANGUAGE_STANDARD = gnu11;
				GCC_DYNAMIC_NO_PIC = NO;
				GCC_NO_COMMON_BLOCKS = YES;
				GCC_OPTIMIZATION_LEVEL = 0;
				GCC_PREPROCESSOR_DEFINITIONS = (
					"DEBUG=1",
					"$(inherited)",
				);
				GCC_WARN_64_TO_32_BIT_CONVERSION = YES;
				GCC_WARN_ABOUT_RETURN_TYPE = YES_ERROR;
				GCC_WARN_UNDECLARED_SELECTOR = YES;
				GCC_WARN_UNINITIALIZED_AUTOS = YES_AGGRESSIVE;
				GCC_WARN_UNUSED_FUNCTION = YES;
				GCC_WARN_UNUSED_VARIABLE = YES;
				MTL_ENABLE_DEBUG_INFO = YES;
				ONLY_ACTIVE_ARCH = YES;
				PRODUCT_NAME = "$(TARGET_NAME)";
			};
			name = Prod;
		};
		E7E6F0676A2F5A03F3036A15 /* Dev */ = {
			isa = XCBuildConfiguration;
			buildSettings = {
				ALWAYS_SEARCH_USER_PATHS = NO;
				CLANG_ANALYZER_LOCALIZABILITY_NONLOCALIZED = YES;
				CLANG_ANALYZER_NONNULL = YES;
				CLANG_ANALYZER_NUMBER_OBJECT_CONVERSION = YES_AGGRESSIVE;
				CLANG_CXX_LANGUAGE_STANDARD = "gnu++14";
				CLANG_CXX_LIBRARY = "libc++";
				CLANG_ENABLE_MODULES = YES;
				CLANG_ENABLE_OBJC_ARC = YES;
				CLANG_ENABLE_OBJC_WEAK = YES;
				CLANG_WARN_BLOCK_CAPTURE_AUTORELEASING = YES;
				CLANG_WARN_BOOL_CONVERSION = YES;
				CLANG_WARN_COMMA = YES;
				CLANG_WARN_CONSTANT_CONVERSION = YES;
				CLANG_WARN_DEPRECATED_OBJC_IMPLEMENTATIONS = YES;
				CLANG_WARN_DIRECT_OBJC_ISA_USAGE = YES_ERROR;
				CLANG_WARN_DOCUMENTATION_COMMENTS = YES;
				CLANG_WARN_EMPTY_BODY = YES;
				CLANG_WARN_ENUM_CONVERSION = YES;
				CLANG_WARN_INFINITE_RECURSION = YES;
				CLANG_WARN_INT_CONVERSION = YES;
				CLANG_WARN_NON_LITERAL_NULL_CONVERSION = YES;
				CLANG_WARN_OBJC_IMPLICIT_RETAIN_SELF = YES;
				CLANG_WARN_OBJC_LITERAL_CONVERSION = YES;
				CLANG_WARN_OBJC_ROOT_CLASS = YES_ERROR;
				CLANG_WARN_QUOTED_INCLUDE_IN_FRAMEWORK_HEADER = YES;
				CLANG_WARN_RANGE_LOOP_ANALYSIS = YES;
				CLANG_WARN_STRICT_PROTOTYPES = YES;
				CLANG_WARN_SUSPICIOUS_MOVE = YES;
				CLANG_WARN_UNGUARDED_AVAILABILITY = YES_AGGRESSIVE;
				CLANG_WARN_UNREACHABLE_CODE = YES;
				CLANG_WARN__DUPLICATE_METHOD_MATCH = YES;
				COPY_PHASE_STRIP = NO;
				DEAD_CODE_STRIPPING = YES;
				DEBUG_INFORMATION_FORMAT = dwarf;
				ENABLE_STRICT_OBJC_MSGSEND = YES;
				ENABLE_TESTABILITY = YES;
				GCC_C_LANGUAGE_STANDARD = gnu11;
				GCC_DYNAMIC_NO_PIC = NO;
				GCC_NO_COMMON_BLOCKS = YES;
				GCC_OPTIMIZATION_LEVEL = 0;
				GCC_PREPROCESSOR_DEFINITIONS = (
					"DEBUG=1",
					"$(inherited)",
				);
				GCC_WARN_64_TO_32_BIT_CONVERSION = YES;
				GCC_WARN_ABOUT_RETURN_TYPE = YES_ERROR;
				GCC_WARN_UNDECLARED_SELECTOR = YES;
				GCC_WARN_UNINITIALIZED_AUTOS = YES_AGGRESSIVE;
				GCC_WARN_UNUSED_FUNCTION = YES;
				GCC_WARN_UNUSED_VARIABLE = YES;
				MTL_ENABLE_DEBUG_INFO = YES;
				ONLY_ACTIVE_ARCH = YES;
				PRODUCT_NAME = "$(TARGET_NAME)";
			};
			name = Dev;
		};
/* End XCBuildConfiguration section */

/* Begin XCConfigurationList section */
		571D052BBD9D5040232A8205 /* Build configuration list for PBXNativeTarget "CodestackAPI" */ = {
			isa = XCConfigurationList;
			buildConfigurations = (
				45A2B8C18464D18A9A05BD9D /* Dev */,
				2F4322ED967FE3309B9A02F1 /* Prod */,
			);
			defaultConfigurationIsVisible = 0;
			defaultConfigurationName = Dev;
		};
		98D7BD16ECA31461E80DB779 /* Build configuration list for PBXProject "CodestackAPI" */ = {
			isa = XCConfigurationList;
			buildConfigurations = (
				E7E6F0676A2F5A03F3036A15 /* Dev */,
				DBAB447B52768812867CB0E4 /* Prod */,
			);
			defaultConfigurationIsVisible = 0;
			defaultConfigurationName = Dev;
		};
/* End XCConfigurationList section */
	};
	rootObject = FA291B3D85BF58092EC387F1 /* Project object */;
}
